<?xml version="1.0" encoding="UTF-8"?>
<Project ToolsVersion="14.0" xmlns="http://schemas.microsoft.com/developer/msbuild/2003">
  <ItemGroup>
    <CustomBuild Include="C:\Users\Kavin\Desktop\CSE125\aldente\vs\Bullet\CMakeFiles\59ed37321f8fb5c7d00524762d5dc877\RUN_TESTS_force.rule">
      <Filter>CMake Rules</Filter>
    </CustomBuild>
  </ItemGroup>
  <ItemGroup>
    <Filter Include="CMake Rules">
      <UniqueIdentifier>{BB24A411-2531-3288-9E80-05345C6EC894}</UniqueIdentifier>
    </Filter>
  </ItemGroup>
</Project>
