<?xml version="1.0" encoding="utf-8"?>
<Project ToolsVersion="4.0" xmlns="http://schemas.microsoft.com/developer/msbuild/2003">
  <ItemGroup>
<<<<<<< HEAD
    <Filter Include="Headers">
      <UniqueIdentifier>{4081cb41-abab-491c-834a-f3bf945aad2f}</UniqueIdentifier>
      <Extensions>h</Extensions>
    </Filter>
    <Filter Include="Sources">
      <UniqueIdentifier>{775e7444-e6df-44c4-a27a-3255ef915cd6}</UniqueIdentifier>
      <Extensions>cpp</Extensions>
    </Filter>
=======
    <ClCompile Include="..\src\aldente.cpp" />
    <ClCompile Include="..\src\assetLoader.cpp" />
    <ClCompile Include="..\src\bounding_sphere.cpp" />
    <ClCompile Include="..\src\geometry\geometry.cpp" />
    <ClCompile Include="..\src\geometry\geometry_generator.cpp" />
    <ClCompile Include="..\src\grid.cpp" />
    <ClCompile Include="..\src\main.cpp" />
    <ClCompile Include="..\src\net\NetworkClient.cpp" />
    <ClCompile Include="..\src\net\NetworkServer.cpp" />
    <ClCompile Include="..\src\scene\scene.cpp" />
    <ClCompile Include="..\src\scene\scene_animation.cpp" />
    <ClCompile Include="..\src\scene\scene_camera.cpp" />
    <ClCompile Include="..\src\scene\scene_group.cpp" />
    <ClCompile Include="..\src\scene\scene_model.cpp" />
    <ClCompile Include="..\src\scene\scene_transform.cpp" />
    <ClCompile Include="..\src\scene\scene_trans_anim.cpp" />
    <ClCompile Include="..\src\shaders\basic_shader.cpp" />
    <ClCompile Include="..\src\shaders\shader.cpp" />
    <ClCompile Include="..\src\shaders\shader_manager.cpp" />
    <ClCompile Include="..\src\shaders\shadow_shader.cpp" />
    <ClCompile Include="..\src\shaders\skybox_shader.cpp" />
    <ClCompile Include="..\src\tile.cpp" />
    <ClCompile Include="..\src\util\config.cpp" />
    <ClCompile Include="..\src\util\util.cpp" />
    <ClCompile Include="..\src\window.cpp" />
  </ItemGroup>
  <ItemGroup>
    <None Include="packages.config" />
  </ItemGroup>
  <ItemGroup>
    <ClCompile Include="..\src\aldente.cpp">
      <Filter>Source Files</Filter>
    </ClCompile>
    <ClCompile Include="..\src\bounding_sphere.cpp">
      <Filter>Source Files</Filter>
    </ClCompile>
    <ClCompile Include="..\src\main.cpp">
      <Filter>Source Files</Filter>
    </ClCompile>
    <ClCompile Include="..\src\window.cpp">
      <Filter>Source Files</Filter>
    </ClCompile>
    <ClCompile Include="..\src\grid.cpp">
      <Filter>Source Files</Filter>
    </ClCompile>
    <ClCompile Include="..\src\tile.cpp">
      <Filter>Source Files</Filter>
    </ClCompile>
    <ClCompile Include="..\src\util\config.cpp">
      <Filter>Source Files</Filter>
    </ClCompile>
    <ClCompile Include="..\src\util\util.cpp">
      <Filter>Source Files</Filter>
    </ClCompile>
    <ClCompile Include="..\src\shaders\basic_shader.cpp">
      <Filter>Source Files</Filter>
    </ClCompile>
    <ClCompile Include="..\src\shaders\shader.cpp">
      <Filter>Source Files</Filter>
    </ClCompile>
    <ClCompile Include="..\src\shaders\shader_manager.cpp">
      <Filter>Source Files</Filter>
    </ClCompile>
    <ClCompile Include="..\src\shaders\shadow_shader.cpp">
      <Filter>Source Files</Filter>
    </ClCompile>
    <ClCompile Include="..\src\shaders\skybox_shader.cpp">
      <Filter>Source Files</Filter>
    </ClCompile>
    <ClCompile Include="..\src\scene\scene.cpp">
      <Filter>Source Files</Filter>
    </ClCompile>
    <ClCompile Include="..\src\scene\scene_animation.cpp">
      <Filter>Source Files</Filter>
    </ClCompile>
    <ClCompile Include="..\src\scene\scene_camera.cpp">
      <Filter>Source Files</Filter>
    </ClCompile>
    <ClCompile Include="..\src\scene\scene_group.cpp">
      <Filter>Source Files</Filter>
    </ClCompile>
    <ClCompile Include="..\src\scene\scene_model.cpp">
      <Filter>Source Files</Filter>
    </ClCompile>
    <ClCompile Include="..\src\scene\scene_trans_anim.cpp">
      <Filter>Source Files</Filter>
    </ClCompile>
    <ClCompile Include="..\src\scene\scene_transform.cpp">
      <Filter>Source Files</Filter>
    </ClCompile>
    <ClCompile Include="..\src\geometry\geometry.cpp">
      <Filter>Source Files</Filter>
    </ClCompile>
    <ClCompile Include="..\src\geometry\geometry_generator.cpp">
      <Filter>Source Files</Filter>
    </ClCompile>
    <ClCompile Include="..\src\assetLoader.cpp">
      <Filter>Source Files</Filter>
    </ClCompile>
    <ClCompile Include="..\src\net\NetworkClient.cpp">
      <Filter>Source Files</Filter>
    </ClCompile>
    <ClCompile Include="..\src\net\NetworkServer.cpp">
      <Filter>Source Files</Filter>
    </ClCompile>
  </ItemGroup>
  <ItemGroup>
    <ClInclude Include="..\src\util\colors.h">
      <Filter>Header Files</Filter>
    </ClInclude>
    <ClInclude Include="..\src\util\config.h">
      <Filter>Header Files</Filter>
    </ClInclude>
    <ClInclude Include="..\src\util\util.h">
      <Filter>Header Files</Filter>
    </ClInclude>
    <ClInclude Include="..\src\shaders\basic_shader.h">
      <Filter>Header Files</Filter>
    </ClInclude>
    <ClInclude Include="..\src\shaders\shader.h">
      <Filter>Header Files</Filter>
    </ClInclude>
    <ClInclude Include="..\src\shaders\shader_manager.h">
      <Filter>Header Files</Filter>
    </ClInclude>
    <ClInclude Include="..\src\shaders\shadow_shader.h">
      <Filter>Header Files</Filter>
    </ClInclude>
    <ClInclude Include="..\src\shaders\skybox_shader.h">
      <Filter>Header Files</Filter>
    </ClInclude>
    <ClInclude Include="..\src\scene\scene.h">
      <Filter>Header Files</Filter>
    </ClInclude>
    <ClInclude Include="..\src\scene\scene_animation.h">
      <Filter>Header Files</Filter>
    </ClInclude>
    <ClInclude Include="..\src\scene\scene_camera.h">
      <Filter>Header Files</Filter>
    </ClInclude>
    <ClInclude Include="..\src\scene\scene_group.h">
      <Filter>Header Files</Filter>
    </ClInclude>
    <ClInclude Include="..\src\scene\scene_model.h">
      <Filter>Header Files</Filter>
    </ClInclude>
    <ClInclude Include="..\src\scene\scene_node.h">
      <Filter>Header Files</Filter>
    </ClInclude>
    <ClInclude Include="..\src\scene\scene_trans_anim.h">
      <Filter>Header Files</Filter>
    </ClInclude>
    <ClInclude Include="..\src\scene\scene_transform.h">
      <Filter>Header Files</Filter>
    </ClInclude>
    <ClInclude Include="..\src\geometry\geometry.h">
      <Filter>Header Files</Filter>
    </ClInclude>
    <ClInclude Include="..\src\geometry\geometry_generator.h">
      <Filter>Header Files</Filter>
    </ClInclude>
    <ClInclude Include="..\src\geometry\plane.h">
      <Filter>Header Files</Filter>
    </ClInclude>
    <ClInclude Include="..\src\aldente.h">
      <Filter>Header Files</Filter>
    </ClInclude>
    <ClInclude Include="..\src\bounding_sphere.h">
      <Filter>Header Files</Filter>
    </ClInclude>
    <ClInclude Include="..\src\global.h">
      <Filter>Header Files</Filter>
    </ClInclude>
    <ClInclude Include="..\src\grid.h">
      <Filter>Header Files</Filter>
    </ClInclude>
    <ClInclude Include="..\src\material.h">
      <Filter>Header Files</Filter>
    </ClInclude>
    <ClInclude Include="..\src\mesh.h">
      <Filter>Header Files</Filter>
    </ClInclude>
    <ClInclude Include="..\src\tile.h">
      <Filter>Header Files</Filter>
    </ClInclude>
    <ClInclude Include="..\src\window.h">
      <Filter>Header Files</Filter>
    </ClInclude>
    <ClInclude Include="..\src\assetLoader.h">
      <Filter>Header Files</Filter>
    </ClInclude>
    <ClInclude Include="..\src\net\threadsafe_queue.h">
      <Filter>Source Files</Filter>
    </ClInclude>
>>>>>>> It's nasty but it works
  </ItemGroup>
</Project>
