<?xml version="1.0" encoding="utf-8"?>
<Project ToolsVersion="4.0" xmlns="http://schemas.microsoft.com/developer/msbuild/2003">
  <ItemGroup>
    <Filter Include="Headers">
      <UniqueIdentifier>{4081cb41-abab-491c-834a-f3bf945aad2f}</UniqueIdentifier>
      <Extensions>h</Extensions>
    </Filter>
    <Filter Include="Sources">
      <UniqueIdentifier>{775e7444-e6df-44c4-a27a-3255ef915cd6}</UniqueIdentifier>
      <Extensions>cpp</Extensions>
    </Filter>
  </ItemGroup>
  <ItemGroup>
    <ClCompile Include="..\src\aldente.cpp">
      <Filter>Sources</Filter>
    </ClCompile>
    <ClCompile Include="..\src\asset_loader.cpp" />
    <ClCompile Include="..\src\game_object.cpp" />
    <ClCompile Include="..\src\grid.cpp" />
    <ClCompile Include="..\src\input\process.cpp" />
    <ClCompile Include="..\src\keyboard.cpp" />
    <ClCompile Include="..\src\main.cpp" />
    <ClCompile Include="..\src\model\geometry.cpp" />
    <ClCompile Include="..\src\model\geometry_generator.cpp" />
    <ClCompile Include="..\src\model\material.cpp" />
    <ClCompile Include="..\src\model\mesh.cpp" />
    <ClCompile Include="..\src\model\model.cpp" />
    <ClCompile Include="..\src\physics.cpp" />
    <ClCompile Include="..\src\scene\main_scene.cpp" />
    <ClCompile Include="..\src\scene\scene.cpp" />
    <ClCompile Include="..\src\scene\scene_camera.cpp" />
    <ClCompile Include="..\src\scene\scene_group.cpp" />
    <ClCompile Include="..\src\setup.cpp" />
    <ClCompile Include="..\src\shaders\basic_shader.cpp" />
    <ClCompile Include="..\src\shaders\shader.cpp" />
    <ClCompile Include="..\src\shaders\shader_manager.cpp" />
    <ClCompile Include="..\src\shaders\shadow_shader.cpp" />
    <ClCompile Include="..\src\shaders\skybox_shader.cpp" />
    <ClCompile Include="..\src\shadows.cpp" />
    <ClCompile Include="..\src\tile.cpp" />
    <ClCompile Include="..\src\util\config.cpp" />
    <ClCompile Include="..\src\util\util.cpp" />
    <ClCompile Include="..\src\window.cpp" />
    <ClCompile Include="..\src\aldente.cpp">
      <Filter>Sources</Filter>
    </ClCompile>
    <ClCompile Include="..\src\asset_loader.cpp" />
    <ClCompile Include="..\src\game_object.cpp" />
    <ClCompile Include="..\src\grid.cpp" />
    <ClCompile Include="..\src\input\process.cpp" />
    <ClCompile Include="..\src\keyboard.cpp" />
    <ClCompile Include="..\src\main.cpp" />
    <ClCompile Include="..\src\model\geometry.cpp" />
    <ClCompile Include="..\src\model\geometry_generator.cpp" />
    <ClCompile Include="..\src\model\material.cpp" />
    <ClCompile Include="..\src\model\mesh.cpp" />
    <ClCompile Include="..\src\model\model.cpp" />
    <ClCompile Include="..\src\physics.cpp" />
    <ClCompile Include="..\src\scene\main_scene.cpp" />
    <ClCompile Include="..\src\scene\scene.cpp" />
    <ClCompile Include="..\src\scene\scene_camera.cpp" />
    <ClCompile Include="..\src\scene\scene_group.cpp" />
    <ClCompile Include="..\src\setup.cpp" />
    <ClCompile Include="..\src\shaders\basic_shader.cpp" />
    <ClCompile Include="..\src\shaders\shader.cpp" />
    <ClCompile Include="..\src\shaders\shader_manager.cpp" />
    <ClCompile Include="..\src\shaders\shadow_shader.cpp" />
    <ClCompile Include="..\src\shaders\skybox_shader.cpp" />
    <ClCompile Include="..\src\shadows.cpp" />
    <ClCompile Include="..\src\tile.cpp" />
    <ClCompile Include="..\src\util\config.cpp" />
    <ClCompile Include="..\src\util\util.cpp" />
    <ClCompile Include="..\src\window.cpp" />
    <ClCompile Include="..\src\aldente.cpp">
      <Filter>Sources</Filter>
    </ClCompile>
    <ClCompile Include="..\src\asset_loader.cpp" />
    <ClCompile Include="..\src\game_object.cpp" />
    <ClCompile Include="..\src\grid.cpp" />
    <ClCompile Include="..\src\input\process.cpp" />
    <ClCompile Include="..\src\keyboard.cpp" />
    <ClCompile Include="..\src\main.cpp" />
    <ClCompile Include="..\src\model\geometry.cpp" />
    <ClCompile Include="..\src\model\geometry_generator.cpp" />
    <ClCompile Include="..\src\model\material.cpp" />
    <ClCompile Include="..\src\model\mesh.cpp" />
    <ClCompile Include="..\src\model\model.cpp" />
    <ClCompile Include="..\src\physics.cpp" />
    <ClCompile Include="..\src\scene\main_scene.cpp" />
    <ClCompile Include="..\src\scene\scene.cpp" />
    <ClCompile Include="..\src\scene\scene_camera.cpp" />
    <ClCompile Include="..\src\scene\scene_group.cpp" />
    <ClCompile Include="..\src\setup.cpp" />
    <ClCompile Include="..\src\shaders\basic_shader.cpp" />
    <ClCompile Include="..\src\shaders\shader.cpp" />
    <ClCompile Include="..\src\shaders\shader_manager.cpp" />
    <ClCompile Include="..\src\shaders\shadow_shader.cpp" />
    <ClCompile Include="..\src\shaders\skybox_shader.cpp" />
    <ClCompile Include="..\src\shadows.cpp" />
    <ClCompile Include="..\src\tile.cpp" />
    <ClCompile Include="..\src\util\config.cpp" />
    <ClCompile Include="..\src\util\util.cpp" />
    <ClCompile Include="..\src\window.cpp" />
    <ClCompile Include="..\src\aldente.cpp">
      <Filter>Sources</Filter>
    </ClCompile>
    <ClCompile Include="..\src\asset_loader.cpp" />
    <ClCompile Include="..\src\game_object.cpp" />
    <ClCompile Include="..\src\grid.cpp" />
    <ClCompile Include="..\src\input\process.cpp" />
    <ClCompile Include="..\src\keyboard.cpp" />
    <ClCompile Include="..\src\main.cpp" />
    <ClCompile Include="..\src\model\geometry.cpp" />
    <ClCompile Include="..\src\model\geometry_generator.cpp" />
    <ClCompile Include="..\src\model\material.cpp" />
    <ClCompile Include="..\src\model\mesh.cpp" />
    <ClCompile Include="..\src\model\model.cpp" />
    <ClCompile Include="..\src\physics.cpp" />
    <ClCompile Include="..\src\scene\main_scene.cpp" />
    <ClCompile Include="..\src\scene\scene.cpp" />
    <ClCompile Include="..\src\scene\scene_camera.cpp" />
    <ClCompile Include="..\src\scene\scene_group.cpp" />
    <ClCompile Include="..\src\setup.cpp" />
    <ClCompile Include="..\src\shaders\basic_shader.cpp" />
    <ClCompile Include="..\src\shaders\shader.cpp" />
    <ClCompile Include="..\src\shaders\shader_manager.cpp" />
    <ClCompile Include="..\src\shaders\shadow_shader.cpp" />
    <ClCompile Include="..\src\shaders\skybox_shader.cpp" />
    <ClCompile Include="..\src\shadows.cpp" />
    <ClCompile Include="..\src\tile.cpp" />
    <ClCompile Include="..\src\util\config.cpp" />
    <ClCompile Include="..\src\util\util.cpp" />
    <ClCompile Include="..\src\window.cpp" />
    <ClCompile Include="..\src\aldente.cpp">
      <Filter>Sources</Filter>
    </ClCompile>
    <ClCompile Include="..\src\asset_loader.cpp" />
    <ClCompile Include="..\src\game_object.cpp" />
    <ClCompile Include="..\src\grid.cpp" />
    <ClCompile Include="..\src\input\process.cpp" />
    <ClCompile Include="..\src\keyboard.cpp" />
    <ClCompile Include="..\src\main.cpp" />
    <ClCompile Include="..\src\model\geometry.cpp" />
    <ClCompile Include="..\src\model\geometry_generator.cpp" />
    <ClCompile Include="..\src\model\material.cpp" />
    <ClCompile Include="..\src\model\mesh.cpp" />
    <ClCompile Include="..\src\model\model.cpp" />
    <ClCompile Include="..\src\physics.cpp" />
    <ClCompile Include="..\src\scene\main_scene.cpp" />
    <ClCompile Include="..\src\scene\scene.cpp" />
    <ClCompile Include="..\src\scene\scene_camera.cpp" />
    <ClCompile Include="..\src\scene\scene_group.cpp" />
    <ClCompile Include="..\src\setup.cpp" />
    <ClCompile Include="..\src\shaders\basic_shader.cpp" />
    <ClCompile Include="..\src\shaders\shader.cpp" />
    <ClCompile Include="..\src\shaders\shader_manager.cpp" />
    <ClCompile Include="..\src\shaders\shadow_shader.cpp" />
    <ClCompile Include="..\src\shaders\skybox_shader.cpp" />
    <ClCompile Include="..\src\shadows.cpp" />
    <ClCompile Include="..\src\tile.cpp" />
    <ClCompile Include="..\src\util\config.cpp" />
    <ClCompile Include="..\src\util\util.cpp" />
    <ClCompile Include="..\src\window.cpp" />
    <ClCompile Include="..\src\asset_loader.cpp" />
    <ClCompile Include="..\src\game_object.cpp" />
    <ClCompile Include="..\src\grid.cpp" />
    <ClCompile Include="..\src\input\process.cpp" />
    <ClCompile Include="..\src\keyboard.cpp" />
    <ClCompile Include="..\src\main.cpp" />
    <ClCompile Include="..\src\model\geometry.cpp" />
    <ClCompile Include="..\src\model\geometry_generator.cpp" />
    <ClCompile Include="..\src\model\material.cpp" />
    <ClCompile Include="..\src\model\mesh.cpp" />
    <ClCompile Include="..\src\model\model.cpp" />
    <ClCompile Include="..\src\physics.cpp" />
    <ClCompile Include="..\src\scene\main_scene.cpp" />
    <ClCompile Include="..\src\scene\scene.cpp" />
    <ClCompile Include="..\src\scene\scene_camera.cpp" />
    <ClCompile Include="..\src\scene\scene_group.cpp" />
    <ClCompile Include="..\src\setup.cpp" />
    <ClCompile Include="..\src\shaders\basic_shader.cpp" />
    <ClCompile Include="..\src\shaders\shader.cpp" />
    <ClCompile Include="..\src\shaders\shader_manager.cpp" />
    <ClCompile Include="..\src\shaders\shadow_shader.cpp" />
    <ClCompile Include="..\src\shaders\skybox_shader.cpp" />
    <ClCompile Include="..\src\shadows.cpp" />
    <ClCompile Include="..\src\tile.cpp" />
    <ClCompile Include="..\src\util\config.cpp" />
    <ClCompile Include="..\src\util\util.cpp" />
    <ClCompile Include="..\src\window.cpp" />
    <ClCompile Include="..\src\aldente.cpp">
      <Filter>Sources</Filter>
    </ClCompile>
    <ClCompile Include="..\src\asset_loader.cpp" />
    <ClCompile Include="..\src\game_object.cpp" />
    <ClCompile Include="..\src\grid.cpp" />
    <ClCompile Include="..\src\input\process.cpp" />
    <ClCompile Include="..\src\keyboard.cpp" />
    <ClCompile Include="..\src\main.cpp" />
    <ClCompile Include="..\src\model\geometry.cpp" />
    <ClCompile Include="..\src\model\geometry_generator.cpp" />
    <ClCompile Include="..\src\model\material.cpp" />
    <ClCompile Include="..\src\model\mesh.cpp" />
    <ClCompile Include="..\src\model\model.cpp" />
    <ClCompile Include="..\src\physics.cpp" />
    <ClCompile Include="..\src\scene\main_scene.cpp" />
    <ClCompile Include="..\src\scene\scene.cpp" />
    <ClCompile Include="..\src\scene\scene_camera.cpp" />
    <ClCompile Include="..\src\scene\scene_group.cpp" />
    <ClCompile Include="..\src\setup.cpp" />
    <ClCompile Include="..\src\shaders\basic_shader.cpp" />
    <ClCompile Include="..\src\shaders\shader.cpp" />
    <ClCompile Include="..\src\shaders\shader_manager.cpp" />
    <ClCompile Include="..\src\shaders\shadow_shader.cpp" />
    <ClCompile Include="..\src\shaders\skybox_shader.cpp" />
    <ClCompile Include="..\src\shadows.cpp" />
    <ClCompile Include="..\src\tile.cpp" />
    <ClCompile Include="..\src\util\config.cpp" />
    <ClCompile Include="..\src\util\util.cpp" />
    <ClCompile Include="..\src\window.cpp" />
    <ClCompile Include="..\src\aldente.cpp">
      <Filter>Sources</Filter>
    </ClCompile>
    <ClCompile Include="..\src\asset_loader.cpp" />
    <ClCompile Include="..\src\game_object.cpp" />
    <ClCompile Include="..\src\grid.cpp" />
    <ClCompile Include="..\src\input\process.cpp" />
    <ClCompile Include="..\src\keyboard.cpp" />
    <ClCompile Include="..\src\main.cpp" />
    <ClCompile Include="..\src\model\geometry.cpp" />
    <ClCompile Include="..\src\model\geometry_generator.cpp" />
    <ClCompile Include="..\src\model\material.cpp" />
    <ClCompile Include="..\src\model\mesh.cpp" />
    <ClCompile Include="..\src\model\model.cpp" />
    <ClCompile Include="..\src\physics.cpp" />
    <ClCompile Include="..\src\scene\main_scene.cpp" />
    <ClCompile Include="..\src\scene\scene.cpp" />
    <ClCompile Include="..\src\scene\scene_camera.cpp" />
    <ClCompile Include="..\src\scene\scene_group.cpp" />
    <ClCompile Include="..\src\setup.cpp" />
    <ClCompile Include="..\src\shaders\basic_shader.cpp" />
    <ClCompile Include="..\src\shaders\shader.cpp" />
    <ClCompile Include="..\src\shaders\shader_manager.cpp" />
    <ClCompile Include="..\src\shaders\shadow_shader.cpp" />
    <ClCompile Include="..\src\shaders\skybox_shader.cpp" />
    <ClCompile Include="..\src\shadows.cpp" />
    <ClCompile Include="..\src\tile.cpp" />
    <ClCompile Include="..\src\util\config.cpp" />
    <ClCompile Include="..\src\util\util.cpp" />
    <ClCompile Include="..\src\window.cpp" />
    <ClCompile Include="..\src\aldente.cpp">
      <Filter>Sources</Filter>
    </ClCompile>
    <ClCompile Include="..\src\asset_loader.cpp" />
    <ClCompile Include="..\src\game_object.cpp" />
    <ClCompile Include="..\src\grid.cpp" />
    <ClCompile Include="..\src\input\process.cpp" />
    <ClCompile Include="..\src\keyboard.cpp" />
    <ClCompile Include="..\src\main.cpp" />
    <ClCompile Include="..\src\model\geometry.cpp" />
    <ClCompile Include="..\src\model\geometry_generator.cpp" />
    <ClCompile Include="..\src\model\material.cpp" />
    <ClCompile Include="..\src\model\mesh.cpp" />
    <ClCompile Include="..\src\model\model.cpp" />
    <ClCompile Include="..\src\physics.cpp" />
    <ClCompile Include="..\src\scene\main_scene.cpp" />
    <ClCompile Include="..\src\scene\scene.cpp" />
    <ClCompile Include="..\src\scene\scene_camera.cpp" />
    <ClCompile Include="..\src\scene\scene_group.cpp" />
    <ClCompile Include="..\src\setup.cpp" />
    <ClCompile Include="..\src\shaders\basic_shader.cpp" />
    <ClCompile Include="..\src\shaders\shader.cpp" />
    <ClCompile Include="..\src\shaders\shader_manager.cpp" />
    <ClCompile Include="..\src\shaders\shadow_shader.cpp" />
    <ClCompile Include="..\src\shaders\skybox_shader.cpp" />
    <ClCompile Include="..\src\shadows.cpp" />
    <ClCompile Include="..\src\tile.cpp" />
    <ClCompile Include="..\src\util\config.cpp" />
    <ClCompile Include="..\src\util\util.cpp" />
    <ClCompile Include="..\src\window.cpp" />
    <ClCompile Include="..\src\aldente.cpp">
      <Filter>Sources</Filter>
    </ClCompile>
    <ClCompile Include="..\src\asset_loader.cpp" />
    <ClCompile Include="..\src\game_object.cpp" />
    <ClCompile Include="..\src\grid.cpp" />
    <ClCompile Include="..\src\input\process.cpp" />
    <ClCompile Include="..\src\keyboard.cpp" />
    <ClCompile Include="..\src\main.cpp" />
    <ClCompile Include="..\src\model\geometry.cpp" />
    <ClCompile Include="..\src\model\geometry_generator.cpp" />
    <ClCompile Include="..\src\model\material.cpp" />
    <ClCompile Include="..\src\model\mesh.cpp" />
    <ClCompile Include="..\src\model\model.cpp" />
    <ClCompile Include="..\src\physics.cpp" />
    <ClCompile Include="..\src\scene\main_scene.cpp" />
    <ClCompile Include="..\src\scene\scene.cpp" />
    <ClCompile Include="..\src\scene\scene_camera.cpp" />
    <ClCompile Include="..\src\scene\scene_group.cpp" />
    <ClCompile Include="..\src\setup.cpp" />
    <ClCompile Include="..\src\shaders\basic_shader.cpp" />
    <ClCompile Include="..\src\shaders\shader.cpp" />
    <ClCompile Include="..\src\shaders\shader_manager.cpp" />
    <ClCompile Include="..\src\shaders\shadow_shader.cpp" />
    <ClCompile Include="..\src\shaders\skybox_shader.cpp" />
    <ClCompile Include="..\src\shadows.cpp" />
    <ClCompile Include="..\src\tile.cpp" />
    <ClCompile Include="..\src\util\config.cpp" />
    <ClCompile Include="..\src\util\util.cpp" />
    <ClCompile Include="..\src\window.cpp" />
    <ClCompile Include="..\src\aldente.cpp">
      <Filter>Sources</Filter>
    </ClCompile>
    <ClCompile Include="..\src\asset_loader.cpp" />
    <ClCompile Include="..\src\game_object.cpp" />
    <ClCompile Include="..\src\grid.cpp" />
    <ClCompile Include="..\src\input\process.cpp" />
    <ClCompile Include="..\src\keyboard.cpp" />
    <ClCompile Include="..\src\main.cpp" />
    <ClCompile Include="..\src\model\geometry.cpp" />
    <ClCompile Include="..\src\model\geometry_generator.cpp" />
    <ClCompile Include="..\src\model\material.cpp" />
    <ClCompile Include="..\src\model\mesh.cpp" />
    <ClCompile Include="..\src\model\model.cpp" />
    <ClCompile Include="..\src\physics.cpp" />
    <ClCompile Include="..\src\scene\main_scene.cpp" />
    <ClCompile Include="..\src\scene\scene.cpp" />
    <ClCompile Include="..\src\scene\scene_camera.cpp" />
    <ClCompile Include="..\src\scene\scene_group.cpp" />
    <ClCompile Include="..\src\setup.cpp" />
    <ClCompile Include="..\src\shaders\basic_shader.cpp" />
    <ClCompile Include="..\src\shaders\shader.cpp" />
    <ClCompile Include="..\src\shaders\shader_manager.cpp" />
    <ClCompile Include="..\src\shaders\shadow_shader.cpp" />
    <ClCompile Include="..\src\shaders\skybox_shader.cpp" />
    <ClCompile Include="..\src\shadows.cpp" />
    <ClCompile Include="..\src\tile.cpp" />
    <ClCompile Include="..\src\util\config.cpp" />
    <ClCompile Include="..\src\util\util.cpp" />
    <ClCompile Include="..\src\window.cpp" />
    <ClCompile Include="..\src\aldente.cpp">
      <Filter>Sources</Filter>
    </ClCompile>
    <ClCompile Include="..\src\asset_loader.cpp" />
    <ClCompile Include="..\src\game_object.cpp" />
    <ClCompile Include="..\src\grid.cpp" />
    <ClCompile Include="..\src\input\process.cpp" />
    <ClCompile Include="..\src\keyboard.cpp" />
    <ClCompile Include="..\src\main.cpp" />
    <ClCompile Include="..\src\model\geometry.cpp" />
    <ClCompile Include="..\src\model\geometry_generator.cpp" />
    <ClCompile Include="..\src\model\material.cpp" />
    <ClCompile Include="..\src\model\mesh.cpp" />
    <ClCompile Include="..\src\model\model.cpp" />
    <ClCompile Include="..\src\physics.cpp" />
    <ClCompile Include="..\src\scene\main_scene.cpp" />
    <ClCompile Include="..\src\scene\scene.cpp" />
    <ClCompile Include="..\src\scene\scene_camera.cpp" />
    <ClCompile Include="..\src\scene\scene_group.cpp" />
    <ClCompile Include="..\src\setup.cpp" />
    <ClCompile Include="..\src\shaders\basic_shader.cpp" />
    <ClCompile Include="..\src\shaders\shader.cpp" />
    <ClCompile Include="..\src\shaders\shader_manager.cpp" />
    <ClCompile Include="..\src\shaders\shadow_shader.cpp" />
    <ClCompile Include="..\src\shaders\skybox_shader.cpp" />
    <ClCompile Include="..\src\shadows.cpp" />
    <ClCompile Include="..\src\tile.cpp" />
    <ClCompile Include="..\src\util\config.cpp" />
    <ClCompile Include="..\src\util\util.cpp" />
    <ClCompile Include="..\src\window.cpp" />
    <ClCompile Include="..\src\aldente.cpp">
      <Filter>Sources</Filter>
    </ClCompile>
    <ClCompile Include="..\src\asset_loader.cpp" />
    <ClCompile Include="..\src\game_object.cpp" />
    <ClCompile Include="..\src\grid.cpp" />
    <ClCompile Include="..\src\input\process.cpp" />
    <ClCompile Include="..\src\keyboard.cpp" />
    <ClCompile Include="..\src\main.cpp" />
    <ClCompile Include="..\src\model\geometry.cpp" />
    <ClCompile Include="..\src\model\geometry_generator.cpp" />
    <ClCompile Include="..\src\model\material.cpp" />
    <ClCompile Include="..\src\model\mesh.cpp" />
    <ClCompile Include="..\src\model\model.cpp" />
    <ClCompile Include="..\src\physics.cpp" />
    <ClCompile Include="..\src\scene\main_scene.cpp" />
    <ClCompile Include="..\src\scene\scene.cpp" />
    <ClCompile Include="..\src\scene\scene_camera.cpp" />
    <ClCompile Include="..\src\scene\scene_group.cpp" />
    <ClCompile Include="..\src\setup.cpp" />
    <ClCompile Include="..\src\shaders\basic_shader.cpp" />
    <ClCompile Include="..\src\shaders\shader.cpp" />
    <ClCompile Include="..\src\shaders\shader_manager.cpp" />
    <ClCompile Include="..\src\shaders\shadow_shader.cpp" />
    <ClCompile Include="..\src\shaders\skybox_shader.cpp" />
    <ClCompile Include="..\src\shadows.cpp" />
    <ClCompile Include="..\src\tile.cpp" />
    <ClCompile Include="..\src\util\config.cpp" />
    <ClCompile Include="..\src\util\util.cpp" />
    <ClCompile Include="..\src\window.cpp" />
    <ClCompile Include="..\src\aldente.cpp">
      <Filter>Sources</Filter>
    </ClCompile>
    <ClCompile Include="..\src\asset_loader.cpp" />
    <ClCompile Include="..\src\game_object.cpp" />
    <ClCompile Include="..\src\grid.cpp" />
    <ClCompile Include="..\src\input\process.cpp" />
    <ClCompile Include="..\src\keyboard.cpp" />
    <ClCompile Include="..\src\main.cpp" />
    <ClCompile Include="..\src\model\geometry.cpp" />
    <ClCompile Include="..\src\model\geometry_generator.cpp" />
    <ClCompile Include="..\src\model\material.cpp" />
    <ClCompile Include="..\src\model\mesh.cpp" />
    <ClCompile Include="..\src\model\model.cpp" />
    <ClCompile Include="..\src\physics.cpp" />
    <ClCompile Include="..\src\scene\main_scene.cpp" />
    <ClCompile Include="..\src\scene\scene.cpp" />
    <ClCompile Include="..\src\scene\scene_camera.cpp" />
    <ClCompile Include="..\src\scene\scene_group.cpp" />
    <ClCompile Include="..\src\setup.cpp" />
    <ClCompile Include="..\src\shaders\basic_shader.cpp" />
    <ClCompile Include="..\src\shaders\shader.cpp" />
    <ClCompile Include="..\src\shaders\shader_manager.cpp" />
    <ClCompile Include="..\src\shaders\shadow_shader.cpp" />
    <ClCompile Include="..\src\shaders\skybox_shader.cpp" />
    <ClCompile Include="..\src\shadows.cpp" />
    <ClCompile Include="..\src\tile.cpp" />
    <ClCompile Include="..\src\util\config.cpp" />
    <ClCompile Include="..\src\util\util.cpp" />
    <ClCompile Include="..\src\window.cpp" />
    <ClCompile Include="..\src\aldente.cpp">
      <Filter>Sources</Filter>
    </ClCompile>
    <ClCompile Include="..\src\asset_loader.cpp" />
    <ClCompile Include="..\src\game_object.cpp" />
    <ClCompile Include="..\src\grid.cpp" />
    <ClCompile Include="..\src\input\process.cpp" />
    <ClCompile Include="..\src\keyboard.cpp" />
    <ClCompile Include="..\src\main.cpp" />
    <ClCompile Include="..\src\model\geometry.cpp" />
    <ClCompile Include="..\src\model\geometry_generator.cpp" />
    <ClCompile Include="..\src\model\material.cpp" />
    <ClCompile Include="..\src\model\mesh.cpp" />
    <ClCompile Include="..\src\model\model.cpp" />
    <ClCompile Include="..\src\physics.cpp" />
    <ClCompile Include="..\src\scene\main_scene.cpp" />
    <ClCompile Include="..\src\scene\scene.cpp" />
    <ClCompile Include="..\src\scene\scene_camera.cpp" />
    <ClCompile Include="..\src\scene\scene_group.cpp" />
    <ClCompile Include="..\src\setup.cpp" />
    <ClCompile Include="..\src\shaders\basic_shader.cpp" />
    <ClCompile Include="..\src\shaders\shader.cpp" />
    <ClCompile Include="..\src\shaders\shader_manager.cpp" />
    <ClCompile Include="..\src\shaders\shadow_shader.cpp" />
    <ClCompile Include="..\src\shaders\skybox_shader.cpp" />
    <ClCompile Include="..\src\shadows.cpp" />
    <ClCompile Include="..\src\tile.cpp" />
    <ClCompile Include="..\src\util\config.cpp" />
    <ClCompile Include="..\src\util\util.cpp" />
    <ClCompile Include="..\src\window.cpp" />
    <ClCompile Include="..\src\aldente.cpp">
      <Filter>Sources</Filter>
    </ClCompile>
    <ClCompile Include="..\src\asset_loader.cpp" />
    <ClCompile Include="..\src\game_object.cpp" />
    <ClCompile Include="..\src\grid.cpp" />
    <ClCompile Include="..\src\input\process.cpp" />
    <ClCompile Include="..\src\keyboard.cpp" />
    <ClCompile Include="..\src\main.cpp" />
    <ClCompile Include="..\src\model\geometry.cpp" />
    <ClCompile Include="..\src\model\geometry_generator.cpp" />
    <ClCompile Include="..\src\model\material.cpp" />
    <ClCompile Include="..\src\model\mesh.cpp" />
    <ClCompile Include="..\src\model\model.cpp" />
    <ClCompile Include="..\src\physics.cpp" />
    <ClCompile Include="..\src\scene\main_scene.cpp" />
    <ClCompile Include="..\src\scene\scene.cpp" />
    <ClCompile Include="..\src\scene\scene_camera.cpp" />
    <ClCompile Include="..\src\scene\scene_group.cpp" />
    <ClCompile Include="..\src\setup.cpp" />
    <ClCompile Include="..\src\shaders\basic_shader.cpp" />
    <ClCompile Include="..\src\shaders\shader.cpp" />
    <ClCompile Include="..\src\shaders\shader_manager.cpp" />
    <ClCompile Include="..\src\shaders\shadow_shader.cpp" />
    <ClCompile Include="..\src\shaders\skybox_shader.cpp" />
    <ClCompile Include="..\src\shadows.cpp" />
    <ClCompile Include="..\src\tile.cpp" />
    <ClCompile Include="..\src\util\config.cpp" />
    <ClCompile Include="..\src\util\util.cpp" />
    <ClCompile Include="..\src\window.cpp" />
    <ClCompile Include="..\src\aldente.cpp">
      <Filter>Sources</Filter>
    </ClCompile>
    <ClCompile Include="..\src\asset_loader.cpp" />
    <ClCompile Include="..\src\game_object.cpp" />
    <ClCompile Include="..\src\grid.cpp" />
    <ClCompile Include="..\src\input\process.cpp" />
    <ClCompile Include="..\src\keyboard.cpp" />
    <ClCompile Include="..\src\main.cpp" />
    <ClCompile Include="..\src\model\geometry.cpp" />
    <ClCompile Include="..\src\model\geometry_generator.cpp" />
    <ClCompile Include="..\src\model\material.cpp" />
    <ClCompile Include="..\src\model\mesh.cpp" />
    <ClCompile Include="..\src\model\model.cpp" />
    <ClCompile Include="..\src\physics.cpp" />
    <ClCompile Include="..\src\scene\main_scene.cpp" />
    <ClCompile Include="..\src\scene\scene.cpp" />
    <ClCompile Include="..\src\scene\scene_camera.cpp" />
    <ClCompile Include="..\src\scene\scene_group.cpp" />
    <ClCompile Include="..\src\setup.cpp" />
    <ClCompile Include="..\src\shaders\basic_shader.cpp" />
    <ClCompile Include="..\src\shaders\shader.cpp" />
    <ClCompile Include="..\src\shaders\shader_manager.cpp" />
    <ClCompile Include="..\src\shaders\shadow_shader.cpp" />
    <ClCompile Include="..\src\shaders\skybox_shader.cpp" />
    <ClCompile Include="..\src\shadows.cpp" />
    <ClCompile Include="..\src\tile.cpp" />
    <ClCompile Include="..\src\util\config.cpp" />
    <ClCompile Include="..\src\util\util.cpp" />
    <ClCompile Include="..\src\window.cpp" />
    <ClCompile Include="..\src\aldente.cpp">
      <Filter>Sources</Filter>
    </ClCompile>
    <ClCompile Include="..\src\asset_loader.cpp" />
    <ClCompile Include="..\src\game_object.cpp" />
    <ClCompile Include="..\src\grid.cpp" />
    <ClCompile Include="..\src\input\process.cpp" />
    <ClCompile Include="..\src\keyboard.cpp" />
    <ClCompile Include="..\src\main.cpp" />
    <ClCompile Include="..\src\model\geometry.cpp" />
    <ClCompile Include="..\src\model\geometry_generator.cpp" />
    <ClCompile Include="..\src\model\material.cpp" />
    <ClCompile Include="..\src\model\mesh.cpp" />
    <ClCompile Include="..\src\model\model.cpp" />
    <ClCompile Include="..\src\physics.cpp" />
    <ClCompile Include="..\src\scene\main_scene.cpp" />
    <ClCompile Include="..\src\scene\scene.cpp" />
    <ClCompile Include="..\src\scene\scene_camera.cpp" />
    <ClCompile Include="..\src\scene\scene_group.cpp" />
    <ClCompile Include="..\src\setup.cpp" />
    <ClCompile Include="..\src\shaders\basic_shader.cpp" />
    <ClCompile Include="..\src\shaders\shader.cpp" />
    <ClCompile Include="..\src\shaders\shader_manager.cpp" />
    <ClCompile Include="..\src\shaders\shadow_shader.cpp" />
    <ClCompile Include="..\src\shaders\skybox_shader.cpp" />
    <ClCompile Include="..\src\shadows.cpp" />
    <ClCompile Include="..\src\tile.cpp" />
    <ClCompile Include="..\src\util\config.cpp" />
    <ClCompile Include="..\src\util\util.cpp" />
    <ClCompile Include="..\src\window.cpp" />
    <ClCompile Include="..\src\aldente.cpp">
      <Filter>Sources</Filter>
    </ClCompile>
    <ClCompile Include="..\src\asset_loader.cpp" />
    <ClCompile Include="..\src\game_object.cpp" />
    <ClCompile Include="..\src\grid.cpp" />
    <ClCompile Include="..\src\input\process.cpp" />
    <ClCompile Include="..\src\keyboard.cpp" />
    <ClCompile Include="..\src\main.cpp" />
    <ClCompile Include="..\src\model\geometry.cpp" />
    <ClCompile Include="..\src\model\geometry_generator.cpp" />
    <ClCompile Include="..\src\model\material.cpp" />
    <ClCompile Include="..\src\model\mesh.cpp" />
    <ClCompile Include="..\src\model\model.cpp" />
    <ClCompile Include="..\src\physics.cpp" />
    <ClCompile Include="..\src\scene\main_scene.cpp" />
    <ClCompile Include="..\src\scene\scene.cpp" />
    <ClCompile Include="..\src\scene\scene_camera.cpp" />
    <ClCompile Include="..\src\scene\scene_group.cpp" />
    <ClCompile Include="..\src\setup.cpp" />
    <ClCompile Include="..\src\shaders\basic_shader.cpp" />
    <ClCompile Include="..\src\shaders\shader.cpp" />
    <ClCompile Include="..\src\shaders\shader_manager.cpp" />
    <ClCompile Include="..\src\shaders\shadow_shader.cpp" />
    <ClCompile Include="..\src\shaders\skybox_shader.cpp" />
    <ClCompile Include="..\src\shadows.cpp" />
    <ClCompile Include="..\src\tile.cpp" />
    <ClCompile Include="..\src\util\config.cpp" />
    <ClCompile Include="..\src\util\util.cpp" />
    <ClCompile Include="..\src\window.cpp" />
    <ClCompile Include="..\src\aldente.cpp">
      <Filter>Sources</Filter>
    </ClCompile>
    <ClCompile Include="..\src\asset_loader.cpp" />
    <ClCompile Include="..\src\game_object.cpp" />
    <ClCompile Include="..\src\grid.cpp" />
    <ClCompile Include="..\src\input\process.cpp" />
    <ClCompile Include="..\src\keyboard.cpp" />
    <ClCompile Include="..\src\main.cpp" />
    <ClCompile Include="..\src\model\geometry.cpp" />
    <ClCompile Include="..\src\model\geometry_generator.cpp" />
    <ClCompile Include="..\src\model\material.cpp" />
    <ClCompile Include="..\src\model\mesh.cpp" />
    <ClCompile Include="..\src\model\model.cpp" />
    <ClCompile Include="..\src\physics.cpp" />
    <ClCompile Include="..\src\scene\main_scene.cpp" />
    <ClCompile Include="..\src\scene\scene.cpp" />
    <ClCompile Include="..\src\scene\scene_camera.cpp" />
    <ClCompile Include="..\src\scene\scene_group.cpp" />
    <ClCompile Include="..\src\setup.cpp" />
    <ClCompile Include="..\src\shaders\basic_shader.cpp" />
    <ClCompile Include="..\src\shaders\shader.cpp" />
    <ClCompile Include="..\src\shaders\shader_manager.cpp" />
    <ClCompile Include="..\src\shaders\shadow_shader.cpp" />
    <ClCompile Include="..\src\shaders\skybox_shader.cpp" />
    <ClCompile Include="..\src\shadows.cpp" />
    <ClCompile Include="..\src\tile.cpp" />
    <ClCompile Include="..\src\util\config.cpp" />
    <ClCompile Include="..\src\util\util.cpp" />
    <ClCompile Include="..\src\window.cpp" />
    <ClCompile Include="..\src\aldente.cpp">
      <Filter>Sources</Filter>
    </ClCompile>
    <ClCompile Include="..\src\asset_loader.cpp" />
    <ClCompile Include="..\src\game_object.cpp" />
    <ClCompile Include="..\src\grid.cpp" />
    <ClCompile Include="..\src\input\process.cpp" />
    <ClCompile Include="..\src\keyboard.cpp" />
    <ClCompile Include="..\src\main.cpp" />
    <ClCompile Include="..\src\model\geometry.cpp" />
    <ClCompile Include="..\src\model\geometry_generator.cpp" />
    <ClCompile Include="..\src\model\material.cpp" />
    <ClCompile Include="..\src\model\mesh.cpp" />
    <ClCompile Include="..\src\model\model.cpp" />
    <ClCompile Include="..\src\physics.cpp" />
    <ClCompile Include="..\src\scene\main_scene.cpp" />
    <ClCompile Include="..\src\scene\scene.cpp" />
    <ClCompile Include="..\src\scene\scene_camera.cpp" />
    <ClCompile Include="..\src\scene\scene_group.cpp" />
    <ClCompile Include="..\src\setup.cpp" />
    <ClCompile Include="..\src\shaders\basic_shader.cpp" />
    <ClCompile Include="..\src\shaders\shader.cpp" />
    <ClCompile Include="..\src\shaders\shader_manager.cpp" />
    <ClCompile Include="..\src\shaders\shadow_shader.cpp" />
    <ClCompile Include="..\src\shaders\skybox_shader.cpp" />
    <ClCompile Include="..\src\shadows.cpp" />
    <ClCompile Include="..\src\tile.cpp" />
    <ClCompile Include="..\src\util\config.cpp" />
    <ClCompile Include="..\src\util\util.cpp" />
    <ClCompile Include="..\src\window.cpp" />
    <ClCompile Include="..\src\aldente.cpp">
      <Filter>Sources</Filter>
    </ClCompile>
    <ClCompile Include="..\src\asset_loader.cpp" />
    <ClCompile Include="..\src\game_object.cpp" />
    <ClCompile Include="..\src\grid.cpp" />
    <ClCompile Include="..\src\input\process.cpp" />
    <ClCompile Include="..\src\keyboard.cpp" />
    <ClCompile Include="..\src\main.cpp" />
    <ClCompile Include="..\src\model\geometry.cpp" />
    <ClCompile Include="..\src\model\geometry_generator.cpp" />
    <ClCompile Include="..\src\model\material.cpp" />
    <ClCompile Include="..\src\model\mesh.cpp" />
    <ClCompile Include="..\src\model\model.cpp" />
    <ClCompile Include="..\src\physics.cpp" />
    <ClCompile Include="..\src\scene\main_scene.cpp" />
    <ClCompile Include="..\src\scene\scene.cpp" />
    <ClCompile Include="..\src\scene\scene_camera.cpp" />
    <ClCompile Include="..\src\scene\scene_group.cpp" />
    <ClCompile Include="..\src\setup.cpp" />
    <ClCompile Include="..\src\shaders\basic_shader.cpp" />
    <ClCompile Include="..\src\shaders\shader.cpp" />
    <ClCompile Include="..\src\shaders\shader_manager.cpp" />
    <ClCompile Include="..\src\shaders\shadow_shader.cpp" />
    <ClCompile Include="..\src\shaders\skybox_shader.cpp" />
    <ClCompile Include="..\src\shadows.cpp" />
    <ClCompile Include="..\src\tile.cpp" />
    <ClCompile Include="..\src\util\config.cpp" />
    <ClCompile Include="..\src\util\util.cpp" />
    <ClCompile Include="..\src\window.cpp" />
    <ClCompile Include="..\src\aldente.cpp">
      <Filter>Sources</Filter>
    </ClCompile>
    <ClCompile Include="..\src\asset_loader.cpp" />
    <ClCompile Include="..\src\game_object.cpp" />
    <ClCompile Include="..\src\grid.cpp" />
    <ClCompile Include="..\src\input\process.cpp" />
    <ClCompile Include="..\src\keyboard.cpp" />
    <ClCompile Include="..\src\main.cpp" />
    <ClCompile Include="..\src\model\geometry.cpp" />
    <ClCompile Include="..\src\model\geometry_generator.cpp" />
    <ClCompile Include="..\src\model\material.cpp" />
    <ClCompile Include="..\src\model\mesh.cpp" />
    <ClCompile Include="..\src\model\model.cpp" />
    <ClCompile Include="..\src\physics.cpp" />
    <ClCompile Include="..\src\scene\main_scene.cpp" />
    <ClCompile Include="..\src\scene\scene.cpp" />
    <ClCompile Include="..\src\scene\scene_camera.cpp" />
    <ClCompile Include="..\src\scene\scene_group.cpp" />
    <ClCompile Include="..\src\setup.cpp" />
    <ClCompile Include="..\src\shaders\basic_shader.cpp" />
    <ClCompile Include="..\src\shaders\shader.cpp" />
    <ClCompile Include="..\src\shaders\shader_manager.cpp" />
    <ClCompile Include="..\src\shaders\shadow_shader.cpp" />
    <ClCompile Include="..\src\shaders\skybox_shader.cpp" />
    <ClCompile Include="..\src\shadows.cpp" />
    <ClCompile Include="..\src\tile.cpp" />
    <ClCompile Include="..\src\util\config.cpp" />
    <ClCompile Include="..\src\util\util.cpp" />
    <ClCompile Include="..\src\window.cpp" />
    <ClCompile Include="..\src\aldente.cpp">
      <Filter>Sources</Filter>
    </ClCompile>
    <ClCompile Include="..\src\asset_loader.cpp" />
    <ClCompile Include="..\src\game_object.cpp" />
    <ClCompile Include="..\src\grid.cpp" />
    <ClCompile Include="..\src\input\process.cpp" />
    <ClCompile Include="..\src\keyboard.cpp" />
    <ClCompile Include="..\src\main.cpp" />
    <ClCompile Include="..\src\model\geometry.cpp" />
    <ClCompile Include="..\src\model\geometry_generator.cpp" />
    <ClCompile Include="..\src\model\material.cpp" />
    <ClCompile Include="..\src\model\mesh.cpp" />
    <ClCompile Include="..\src\model\model.cpp" />
    <ClCompile Include="..\src\physics.cpp" />
    <ClCompile Include="..\src\scene\main_scene.cpp" />
    <ClCompile Include="..\src\scene\scene.cpp" />
    <ClCompile Include="..\src\scene\scene_camera.cpp" />
    <ClCompile Include="..\src\scene\scene_group.cpp" />
    <ClCompile Include="..\src\setup.cpp" />
    <ClCompile Include="..\src\shaders\basic_shader.cpp" />
    <ClCompile Include="..\src\shaders\shader.cpp" />
    <ClCompile Include="..\src\shaders\shader_manager.cpp" />
    <ClCompile Include="..\src\shaders\shadow_shader.cpp" />
    <ClCompile Include="..\src\shaders\skybox_shader.cpp" />
    <ClCompile Include="..\src\shadows.cpp" />
    <ClCompile Include="..\src\tile.cpp" />
    <ClCompile Include="..\src\util\config.cpp" />
    <ClCompile Include="..\src\util\util.cpp" />
    <ClCompile Include="..\src\window.cpp" />
    <ClCompile Include="..\src\aldente.cpp">
      <Filter>Sources</Filter>
    </ClCompile>
    <ClCompile Include="..\src\asset_loader.cpp" />
    <ClCompile Include="..\src\game_object.cpp" />
    <ClCompile Include="..\src\grid.cpp" />
    <ClCompile Include="..\src\input\process.cpp" />
    <ClCompile Include="..\src\keyboard.cpp" />
    <ClCompile Include="..\src\main.cpp" />
    <ClCompile Include="..\src\model\geometry.cpp" />
    <ClCompile Include="..\src\model\geometry_generator.cpp" />
    <ClCompile Include="..\src\model\material.cpp" />
    <ClCompile Include="..\src\model\mesh.cpp" />
    <ClCompile Include="..\src\model\model.cpp" />
    <ClCompile Include="..\src\physics.cpp" />
    <ClCompile Include="..\src\scene\main_scene.cpp" />
    <ClCompile Include="..\src\scene\scene.cpp" />
    <ClCompile Include="..\src\scene\scene_camera.cpp" />
    <ClCompile Include="..\src\scene\scene_group.cpp" />
    <ClCompile Include="..\src\setup.cpp" />
    <ClCompile Include="..\src\shaders\basic_shader.cpp" />
    <ClCompile Include="..\src\shaders\shader.cpp" />
    <ClCompile Include="..\src\shaders\shader_manager.cpp" />
    <ClCompile Include="..\src\shaders\shadow_shader.cpp" />
    <ClCompile Include="..\src\shaders\skybox_shader.cpp" />
    <ClCompile Include="..\src\shadows.cpp" />
    <ClCompile Include="..\src\tile.cpp" />
    <ClCompile Include="..\src\util\config.cpp" />
    <ClCompile Include="..\src\util\util.cpp" />
    <ClCompile Include="..\src\window.cpp" />
    <ClCompile Include="..\src\aldente.cpp">
      <Filter>Sources</Filter>
    </ClCompile>
    <ClCompile Include="..\src\asset_loader.cpp" />
    <ClCompile Include="..\src\game_object.cpp" />
    <ClCompile Include="..\src\grid.cpp" />
    <ClCompile Include="..\src\input\process.cpp" />
    <ClCompile Include="..\src\keyboard.cpp" />
    <ClCompile Include="..\src\main.cpp" />
    <ClCompile Include="..\src\model\geometry.cpp" />
    <ClCompile Include="..\src\model\geometry_generator.cpp" />
    <ClCompile Include="..\src\model\material.cpp" />
    <ClCompile Include="..\src\model\mesh.cpp" />
    <ClCompile Include="..\src\model\model.cpp" />
    <ClCompile Include="..\src\physics.cpp" />
    <ClCompile Include="..\src\scene\main_scene.cpp" />
    <ClCompile Include="..\src\scene\scene.cpp" />
    <ClCompile Include="..\src\scene\scene_camera.cpp" />
    <ClCompile Include="..\src\scene\scene_group.cpp" />
    <ClCompile Include="..\src\setup.cpp" />
    <ClCompile Include="..\src\shaders\basic_shader.cpp" />
    <ClCompile Include="..\src\shaders\shader.cpp" />
    <ClCompile Include="..\src\shaders\shader_manager.cpp" />
    <ClCompile Include="..\src\shaders\shadow_shader.cpp" />
    <ClCompile Include="..\src\shaders\skybox_shader.cpp" />
    <ClCompile Include="..\src\shadows.cpp" />
    <ClCompile Include="..\src\tile.cpp" />
    <ClCompile Include="..\src\util\config.cpp" />
    <ClCompile Include="..\src\util\util.cpp" />
    <ClCompile Include="..\src\window.cpp" />
    <ClCompile Include="..\src\aldente.cpp">
      <Filter>Sources</Filter>
    </ClCompile>
    <ClCompile Include="..\src\asset_loader.cpp" />
    <ClCompile Include="..\src\game_object.cpp" />
    <ClCompile Include="..\src\grid.cpp" />
    <ClCompile Include="..\src\input\process.cpp" />
    <ClCompile Include="..\src\keyboard.cpp" />
    <ClCompile Include="..\src\main.cpp" />
    <ClCompile Include="..\src\model\geometry.cpp" />
    <ClCompile Include="..\src\model\geometry_generator.cpp" />
    <ClCompile Include="..\src\model\material.cpp" />
    <ClCompile Include="..\src\model\mesh.cpp" />
    <ClCompile Include="..\src\model\model.cpp" />
    <ClCompile Include="..\src\physics.cpp" />
    <ClCompile Include="..\src\scene\main_scene.cpp" />
    <ClCompile Include="..\src\scene\scene.cpp" />
    <ClCompile Include="..\src\scene\scene_camera.cpp" />
    <ClCompile Include="..\src\scene\scene_group.cpp" />
    <ClCompile Include="..\src\setup.cpp" />
    <ClCompile Include="..\src\shaders\basic_shader.cpp" />
    <ClCompile Include="..\src\shaders\shader.cpp" />
    <ClCompile Include="..\src\shaders\shader_manager.cpp" />
    <ClCompile Include="..\src\shaders\shadow_shader.cpp" />
    <ClCompile Include="..\src\shaders\skybox_shader.cpp" />
    <ClCompile Include="..\src\shadows.cpp" />
    <ClCompile Include="..\src\tile.cpp" />
    <ClCompile Include="..\src\util\config.cpp" />
    <ClCompile Include="..\src\util\util.cpp" />
    <ClCompile Include="..\src\window.cpp" />
    <ClCompile Include="..\src\aldente.cpp">
      <Filter>Sources</Filter>
    </ClCompile>
    <ClCompile Include="..\src\asset_loader.cpp" />
    <ClCompile Include="..\src\game_object.cpp" />
    <ClCompile Include="..\src\grid.cpp" />
    <ClCompile Include="..\src\input\process.cpp" />
    <ClCompile Include="..\src\keyboard.cpp" />
    <ClCompile Include="..\src\main.cpp" />
    <ClCompile Include="..\src\model\geometry.cpp" />
    <ClCompile Include="..\src\model\geometry_generator.cpp" />
    <ClCompile Include="..\src\model\material.cpp" />
    <ClCompile Include="..\src\model\mesh.cpp" />
    <ClCompile Include="..\src\model\model.cpp" />
    <ClCompile Include="..\src\physics.cpp" />
    <ClCompile Include="..\src\scene\main_scene.cpp" />
    <ClCompile Include="..\src\scene\scene.cpp" />
    <ClCompile Include="..\src\scene\scene_camera.cpp" />
    <ClCompile Include="..\src\scene\scene_group.cpp" />
    <ClCompile Include="..\src\setup.cpp" />
    <ClCompile Include="..\src\shaders\basic_shader.cpp" />
    <ClCompile Include="..\src\shaders\shader.cpp" />
    <ClCompile Include="..\src\shaders\shader_manager.cpp" />
    <ClCompile Include="..\src\shaders\shadow_shader.cpp" />
    <ClCompile Include="..\src\shaders\skybox_shader.cpp" />
    <ClCompile Include="..\src\shadows.cpp" />
    <ClCompile Include="..\src\tile.cpp" />
    <ClCompile Include="..\src\util\config.cpp" />
    <ClCompile Include="..\src\util\util.cpp" />
    <ClCompile Include="..\src\window.cpp" />
    <ClCompile Include="..\src\debug_input.cpp">
      <Filter>Sources</Filter>
    </ClCompile>
  </ItemGroup>
  <ItemGroup>
    <ClInclude Include="..\src\aldente.h">
      <Filter>Headers</Filter>
    </ClInclude>
    <ClInclude Include="..\src\asset_loader.h" />
    <ClInclude Include="..\src\events\event.h" />
    <ClInclude Include="..\src\events\input.h" />
    <ClInclude Include="..\src\game_object.h" />
    <ClInclude Include="..\src\grid.h" />
    <ClInclude Include="..\src\input\process.h" />
    <ClInclude Include="..\src\keyboard.h" />
    <ClInclude Include="..\src\model\geometry.h" />
    <ClInclude Include="..\src\model\geometry_generator.h" />
    <ClInclude Include="..\src\model\material.h" />
    <ClInclude Include="..\src\model\mesh.h" />
    <ClInclude Include="..\src\model\model.h" />
    <ClInclude Include="..\src\model\plane.h" />
    <ClInclude Include="..\src\physics.h" />
    <ClInclude Include="..\src\scene\main_scene.h" />
    <ClInclude Include="..\src\scene\scene.h" />
    <ClInclude Include="..\src\scene\scene_camera.h" />
    <ClInclude Include="..\src\scene\scene_group.h" />
    <ClInclude Include="..\src\scene\scene_node.h" />
    <ClInclude Include="..\src\setup.h" />
    <ClInclude Include="..\src\shaders\basic_shader.h" />
    <ClInclude Include="..\src\shaders\shader.h" />
    <ClInclude Include="..\src\shaders\shader_manager.h" />
    <ClInclude Include="..\src\shaders\shadow_shader.h" />
    <ClInclude Include="..\src\shaders\skybox_shader.h" />
    <ClInclude Include="..\src\shadows.h" />
    <ClInclude Include="..\src\tile.h" />
    <ClInclude Include="..\src\util\colors.h" />
    <ClInclude Include="..\src\util\config.h" />
    <ClInclude Include="..\src\util\util.h" />
    <ClInclude Include="..\src\window.h" />
    <ClInclude Include="..\src\aldente.h">
      <Filter>Headers</Filter>
    </ClInclude>
    <ClInclude Include="..\src\asset_loader.h" />
    <ClInclude Include="..\src\events\event.h" />
    <ClInclude Include="..\src\events\input.h" />
    <ClInclude Include="..\src\game_object.h" />
    <ClInclude Include="..\src\grid.h" />
    <ClInclude Include="..\src\input\process.h" />
    <ClInclude Include="..\src\keyboard.h" />
    <ClInclude Include="..\src\model\geometry.h" />
    <ClInclude Include="..\src\model\geometry_generator.h" />
    <ClInclude Include="..\src\model\material.h" />
    <ClInclude Include="..\src\model\mesh.h" />
    <ClInclude Include="..\src\model\model.h" />
    <ClInclude Include="..\src\model\plane.h" />
    <ClInclude Include="..\src\physics.h" />
    <ClInclude Include="..\src\scene\main_scene.h" />
    <ClInclude Include="..\src\scene\scene.h" />
    <ClInclude Include="..\src\scene\scene_camera.h" />
    <ClInclude Include="..\src\scene\scene_group.h" />
    <ClInclude Include="..\src\scene\scene_node.h" />
    <ClInclude Include="..\src\setup.h" />
    <ClInclude Include="..\src\shaders\basic_shader.h" />
    <ClInclude Include="..\src\shaders\shader.h" />
    <ClInclude Include="..\src\shaders\shader_manager.h" />
    <ClInclude Include="..\src\shaders\shadow_shader.h" />
    <ClInclude Include="..\src\shaders\skybox_shader.h" />
    <ClInclude Include="..\src\shadows.h" />
    <ClInclude Include="..\src\tile.h" />
    <ClInclude Include="..\src\util\colors.h" />
    <ClInclude Include="..\src\util\config.h" />
    <ClInclude Include="..\src\util\util.h" />
    <ClInclude Include="..\src\window.h" />
    <ClInclude Include="..\src\aldente.h">
      <Filter>Headers</Filter>
    </ClInclude>
    <ClInclude Include="..\src\asset_loader.h" />
    <ClInclude Include="..\src\events\event.h" />
    <ClInclude Include="..\src\events\input.h" />
    <ClInclude Include="..\src\game_object.h" />
    <ClInclude Include="..\src\grid.h" />
    <ClInclude Include="..\src\input\process.h" />
    <ClInclude Include="..\src\keyboard.h" />
    <ClInclude Include="..\src\model\geometry.h" />
    <ClInclude Include="..\src\model\geometry_generator.h" />
    <ClInclude Include="..\src\model\material.h" />
    <ClInclude Include="..\src\model\mesh.h" />
    <ClInclude Include="..\src\model\model.h" />
    <ClInclude Include="..\src\model\plane.h" />
    <ClInclude Include="..\src\physics.h" />
    <ClInclude Include="..\src\scene\main_scene.h" />
    <ClInclude Include="..\src\scene\scene.h" />
    <ClInclude Include="..\src\scene\scene_camera.h" />
    <ClInclude Include="..\src\scene\scene_group.h" />
    <ClInclude Include="..\src\scene\scene_node.h" />
    <ClInclude Include="..\src\setup.h" />
    <ClInclude Include="..\src\shaders\basic_shader.h" />
    <ClInclude Include="..\src\shaders\shader.h" />
    <ClInclude Include="..\src\shaders\shader_manager.h" />
    <ClInclude Include="..\src\shaders\shadow_shader.h" />
    <ClInclude Include="..\src\shaders\skybox_shader.h" />
    <ClInclude Include="..\src\shadows.h" />
    <ClInclude Include="..\src\tile.h" />
    <ClInclude Include="..\src\util\colors.h" />
    <ClInclude Include="..\src\util\config.h" />
    <ClInclude Include="..\src\util\util.h" />
    <ClInclude Include="..\src\window.h" />
    <ClInclude Include="..\src\aldente.h">
      <Filter>Headers</Filter>
    </ClInclude>
    <ClInclude Include="..\src\asset_loader.h" />
    <ClInclude Include="..\src\events\event.h" />
    <ClInclude Include="..\src\events\input.h" />
    <ClInclude Include="..\src\game_object.h" />
    <ClInclude Include="..\src\grid.h" />
    <ClInclude Include="..\src\input\process.h" />
    <ClInclude Include="..\src\keyboard.h" />
    <ClInclude Include="..\src\model\geometry.h" />
    <ClInclude Include="..\src\model\geometry_generator.h" />
    <ClInclude Include="..\src\model\material.h" />
    <ClInclude Include="..\src\model\mesh.h" />
    <ClInclude Include="..\src\model\model.h" />
    <ClInclude Include="..\src\model\plane.h" />
    <ClInclude Include="..\src\physics.h" />
    <ClInclude Include="..\src\scene\main_scene.h" />
    <ClInclude Include="..\src\scene\scene.h" />
    <ClInclude Include="..\src\scene\scene_camera.h" />
    <ClInclude Include="..\src\scene\scene_group.h" />
    <ClInclude Include="..\src\scene\scene_node.h" />
    <ClInclude Include="..\src\setup.h" />
    <ClInclude Include="..\src\shaders\basic_shader.h" />
    <ClInclude Include="..\src\shaders\shader.h" />
    <ClInclude Include="..\src\shaders\shader_manager.h" />
    <ClInclude Include="..\src\shaders\shadow_shader.h" />
    <ClInclude Include="..\src\shaders\skybox_shader.h" />
    <ClInclude Include="..\src\shadows.h" />
    <ClInclude Include="..\src\tile.h" />
    <ClInclude Include="..\src\util\colors.h" />
    <ClInclude Include="..\src\util\config.h" />
    <ClInclude Include="..\src\util\util.h" />
    <ClInclude Include="..\src\window.h" />
    <ClInclude Include="..\src\aldente.h">
      <Filter>Headers</Filter>
    </ClInclude>
    <ClInclude Include="..\src\asset_loader.h" />
    <ClInclude Include="..\src\events\event.h" />
    <ClInclude Include="..\src\events\input.h" />
    <ClInclude Include="..\src\game_object.h" />
    <ClInclude Include="..\src\grid.h" />
    <ClInclude Include="..\src\input\process.h" />
    <ClInclude Include="..\src\keyboard.h" />
    <ClInclude Include="..\src\model\geometry.h" />
    <ClInclude Include="..\src\model\geometry_generator.h" />
    <ClInclude Include="..\src\model\material.h" />
    <ClInclude Include="..\src\model\mesh.h" />
    <ClInclude Include="..\src\model\model.h" />
    <ClInclude Include="..\src\model\plane.h" />
    <ClInclude Include="..\src\physics.h" />
    <ClInclude Include="..\src\scene\main_scene.h" />
    <ClInclude Include="..\src\scene\scene.h" />
    <ClInclude Include="..\src\scene\scene_camera.h" />
    <ClInclude Include="..\src\scene\scene_group.h" />
    <ClInclude Include="..\src\scene\scene_node.h" />
    <ClInclude Include="..\src\setup.h" />
    <ClInclude Include="..\src\shaders\basic_shader.h" />
    <ClInclude Include="..\src\shaders\shader.h" />
    <ClInclude Include="..\src\shaders\shader_manager.h" />
    <ClInclude Include="..\src\shaders\shadow_shader.h" />
    <ClInclude Include="..\src\shaders\skybox_shader.h" />
    <ClInclude Include="..\src\shadows.h" />
    <ClInclude Include="..\src\tile.h" />
    <ClInclude Include="..\src\util\colors.h" />
    <ClInclude Include="..\src\util\config.h" />
    <ClInclude Include="..\src\util\util.h" />
    <ClInclude Include="..\src\window.h" />
    <ClInclude Include="..\src\aldente.h">
      <Filter>Headers</Filter>
    </ClInclude>
    <ClInclude Include="..\src\asset_loader.h" />
    <ClInclude Include="..\src\events\event.h" />
    <ClInclude Include="..\src\events\input.h" />
    <ClInclude Include="..\src\game_object.h" />
    <ClInclude Include="..\src\grid.h" />
    <ClInclude Include="..\src\input\process.h" />
    <ClInclude Include="..\src\keyboard.h" />
    <ClInclude Include="..\src\model\geometry.h" />
    <ClInclude Include="..\src\model\geometry_generator.h" />
    <ClInclude Include="..\src\model\material.h" />
    <ClInclude Include="..\src\model\mesh.h" />
    <ClInclude Include="..\src\model\model.h" />
    <ClInclude Include="..\src\model\plane.h" />
    <ClInclude Include="..\src\physics.h" />
    <ClInclude Include="..\src\scene\main_scene.h" />
    <ClInclude Include="..\src\scene\scene.h" />
    <ClInclude Include="..\src\scene\scene_camera.h" />
    <ClInclude Include="..\src\scene\scene_group.h" />
    <ClInclude Include="..\src\scene\scene_node.h" />
    <ClInclude Include="..\src\setup.h" />
    <ClInclude Include="..\src\shaders\basic_shader.h" />
    <ClInclude Include="..\src\shaders\shader.h" />
    <ClInclude Include="..\src\shaders\shader_manager.h" />
    <ClInclude Include="..\src\shaders\shadow_shader.h" />
    <ClInclude Include="..\src\shaders\skybox_shader.h" />
    <ClInclude Include="..\src\shadows.h" />
    <ClInclude Include="..\src\tile.h" />
    <ClInclude Include="..\src\util\colors.h" />
    <ClInclude Include="..\src\util\config.h" />
    <ClInclude Include="..\src\util\util.h" />
    <ClInclude Include="..\src\window.h" />
    <ClInclude Include="..\src\aldente.h">
      <Filter>Headers</Filter>
    </ClInclude>
    <ClInclude Include="..\src\asset_loader.h" />
    <ClInclude Include="..\src\events\event.h" />
    <ClInclude Include="..\src\events\input.h" />
    <ClInclude Include="..\src\game_object.h" />
    <ClInclude Include="..\src\grid.h" />
    <ClInclude Include="..\src\input\process.h" />
    <ClInclude Include="..\src\keyboard.h" />
    <ClInclude Include="..\src\model\geometry.h" />
    <ClInclude Include="..\src\model\geometry_generator.h" />
    <ClInclude Include="..\src\model\material.h" />
    <ClInclude Include="..\src\model\mesh.h" />
    <ClInclude Include="..\src\model\model.h" />
    <ClInclude Include="..\src\model\plane.h" />
    <ClInclude Include="..\src\physics.h" />
    <ClInclude Include="..\src\scene\main_scene.h" />
    <ClInclude Include="..\src\scene\scene.h" />
    <ClInclude Include="..\src\scene\scene_camera.h" />
    <ClInclude Include="..\src\scene\scene_group.h" />
    <ClInclude Include="..\src\scene\scene_node.h" />
    <ClInclude Include="..\src\setup.h" />
    <ClInclude Include="..\src\shaders\basic_shader.h" />
    <ClInclude Include="..\src\shaders\shader.h" />
    <ClInclude Include="..\src\shaders\shader_manager.h" />
    <ClInclude Include="..\src\shaders\shadow_shader.h" />
    <ClInclude Include="..\src\shaders\skybox_shader.h" />
    <ClInclude Include="..\src\shadows.h" />
    <ClInclude Include="..\src\tile.h" />
    <ClInclude Include="..\src\util\colors.h" />
    <ClInclude Include="..\src\util\config.h" />
    <ClInclude Include="..\src\util\util.h" />
    <ClInclude Include="..\src\window.h" />
    <ClInclude Include="..\src\asset_loader.h" />
    <ClInclude Include="..\src\events\event.h" />
    <ClInclude Include="..\src\events\input.h" />
    <ClInclude Include="..\src\game_object.h" />
    <ClInclude Include="..\src\grid.h" />
    <ClInclude Include="..\src\input\process.h" />
    <ClInclude Include="..\src\keyboard.h" />
    <ClInclude Include="..\src\model\geometry.h" />
    <ClInclude Include="..\src\model\geometry_generator.h" />
    <ClInclude Include="..\src\model\material.h" />
    <ClInclude Include="..\src\model\mesh.h" />
    <ClInclude Include="..\src\model\model.h" />
    <ClInclude Include="..\src\model\plane.h" />
    <ClInclude Include="..\src\physics.h" />
    <ClInclude Include="..\src\scene\main_scene.h" />
    <ClInclude Include="..\src\scene\scene.h" />
    <ClInclude Include="..\src\scene\scene_camera.h" />
    <ClInclude Include="..\src\scene\scene_group.h" />
    <ClInclude Include="..\src\scene\scene_node.h" />
    <ClInclude Include="..\src\setup.h" />
    <ClInclude Include="..\src\shaders\basic_shader.h" />
    <ClInclude Include="..\src\shaders\shader.h" />
    <ClInclude Include="..\src\shaders\shader_manager.h" />
    <ClInclude Include="..\src\shaders\shadow_shader.h" />
    <ClInclude Include="..\src\shaders\skybox_shader.h" />
    <ClInclude Include="..\src\shadows.h" />
    <ClInclude Include="..\src\tile.h" />
    <ClInclude Include="..\src\util\colors.h" />
    <ClInclude Include="..\src\util\config.h" />
    <ClInclude Include="..\src\util\util.h" />
    <ClInclude Include="..\src\window.h" />
    <ClInclude Include="..\src\aldente.h">
      <Filter>Headers</Filter>
    </ClInclude>
    <ClInclude Include="..\src\asset_loader.h" />
    <ClInclude Include="..\src\events\event.h" />
    <ClInclude Include="..\src\events\input.h" />
    <ClInclude Include="..\src\game_object.h" />
    <ClInclude Include="..\src\grid.h" />
    <ClInclude Include="..\src\input\process.h" />
    <ClInclude Include="..\src\keyboard.h" />
    <ClInclude Include="..\src\model\geometry.h" />
    <ClInclude Include="..\src\model\geometry_generator.h" />
    <ClInclude Include="..\src\model\material.h" />
    <ClInclude Include="..\src\model\mesh.h" />
    <ClInclude Include="..\src\model\model.h" />
    <ClInclude Include="..\src\model\plane.h" />
    <ClInclude Include="..\src\physics.h" />
    <ClInclude Include="..\src\scene\main_scene.h" />
    <ClInclude Include="..\src\scene\scene.h" />
    <ClInclude Include="..\src\scene\scene_camera.h" />
    <ClInclude Include="..\src\scene\scene_group.h" />
    <ClInclude Include="..\src\scene\scene_node.h" />
    <ClInclude Include="..\src\setup.h" />
    <ClInclude Include="..\src\shaders\basic_shader.h" />
    <ClInclude Include="..\src\shaders\shader.h" />
    <ClInclude Include="..\src\shaders\shader_manager.h" />
    <ClInclude Include="..\src\shaders\shadow_shader.h" />
    <ClInclude Include="..\src\shaders\skybox_shader.h" />
    <ClInclude Include="..\src\shadows.h" />
    <ClInclude Include="..\src\tile.h" />
    <ClInclude Include="..\src\util\colors.h" />
    <ClInclude Include="..\src\util\config.h" />
    <ClInclude Include="..\src\util\util.h" />
    <ClInclude Include="..\src\window.h" />
    <ClInclude Include="..\src\aldente.h">
      <Filter>Headers</Filter>
    </ClInclude>
    <ClInclude Include="..\src\asset_loader.h" />
    <ClInclude Include="..\src\events\event.h" />
    <ClInclude Include="..\src\events\input.h" />
    <ClInclude Include="..\src\game_object.h" />
    <ClInclude Include="..\src\grid.h" />
    <ClInclude Include="..\src\input\process.h" />
    <ClInclude Include="..\src\keyboard.h" />
    <ClInclude Include="..\src\model\geometry.h" />
    <ClInclude Include="..\src\model\geometry_generator.h" />
    <ClInclude Include="..\src\model\material.h" />
    <ClInclude Include="..\src\model\mesh.h" />
    <ClInclude Include="..\src\model\model.h" />
    <ClInclude Include="..\src\model\plane.h" />
    <ClInclude Include="..\src\physics.h" />
    <ClInclude Include="..\src\scene\main_scene.h" />
    <ClInclude Include="..\src\scene\scene.h" />
    <ClInclude Include="..\src\scene\scene_camera.h" />
    <ClInclude Include="..\src\scene\scene_group.h" />
    <ClInclude Include="..\src\scene\scene_node.h" />
    <ClInclude Include="..\src\setup.h" />
    <ClInclude Include="..\src\shaders\basic_shader.h" />
    <ClInclude Include="..\src\shaders\shader.h" />
    <ClInclude Include="..\src\shaders\shader_manager.h" />
    <ClInclude Include="..\src\shaders\shadow_shader.h" />
    <ClInclude Include="..\src\shaders\skybox_shader.h" />
    <ClInclude Include="..\src\shadows.h" />
    <ClInclude Include="..\src\tile.h" />
    <ClInclude Include="..\src\util\colors.h" />
    <ClInclude Include="..\src\util\config.h" />
    <ClInclude Include="..\src\util\util.h" />
    <ClInclude Include="..\src\window.h" />
    <ClInclude Include="..\src\aldente.h">
      <Filter>Headers</Filter>
    </ClInclude>
    <ClInclude Include="..\src\asset_loader.h" />
    <ClInclude Include="..\src\events\event.h" />
    <ClInclude Include="..\src\events\input.h" />
    <ClInclude Include="..\src\game_object.h" />
    <ClInclude Include="..\src\grid.h" />
    <ClInclude Include="..\src\input\process.h" />
    <ClInclude Include="..\src\keyboard.h" />
    <ClInclude Include="..\src\model\geometry.h" />
    <ClInclude Include="..\src\model\geometry_generator.h" />
    <ClInclude Include="..\src\model\material.h" />
    <ClInclude Include="..\src\model\mesh.h" />
    <ClInclude Include="..\src\model\model.h" />
    <ClInclude Include="..\src\model\plane.h" />
    <ClInclude Include="..\src\physics.h" />
    <ClInclude Include="..\src\scene\main_scene.h" />
    <ClInclude Include="..\src\scene\scene.h" />
    <ClInclude Include="..\src\scene\scene_camera.h" />
    <ClInclude Include="..\src\scene\scene_group.h" />
    <ClInclude Include="..\src\scene\scene_node.h" />
    <ClInclude Include="..\src\setup.h" />
    <ClInclude Include="..\src\shaders\basic_shader.h" />
    <ClInclude Include="..\src\shaders\shader.h" />
    <ClInclude Include="..\src\shaders\shader_manager.h" />
    <ClInclude Include="..\src\shaders\shadow_shader.h" />
    <ClInclude Include="..\src\shaders\skybox_shader.h" />
    <ClInclude Include="..\src\shadows.h" />
    <ClInclude Include="..\src\tile.h" />
    <ClInclude Include="..\src\util\colors.h" />
    <ClInclude Include="..\src\util\config.h" />
    <ClInclude Include="..\src\util\util.h" />
    <ClInclude Include="..\src\window.h" />
    <ClInclude Include="..\src\aldente.h">
      <Filter>Headers</Filter>
    </ClInclude>
    <ClInclude Include="..\src\asset_loader.h" />
    <ClInclude Include="..\src\events\event.h" />
    <ClInclude Include="..\src\events\input.h" />
    <ClInclude Include="..\src\game_object.h" />
    <ClInclude Include="..\src\grid.h" />
    <ClInclude Include="..\src\input\process.h" />
    <ClInclude Include="..\src\keyboard.h" />
    <ClInclude Include="..\src\model\geometry.h" />
    <ClInclude Include="..\src\model\geometry_generator.h" />
    <ClInclude Include="..\src\model\material.h" />
    <ClInclude Include="..\src\model\mesh.h" />
    <ClInclude Include="..\src\model\model.h" />
    <ClInclude Include="..\src\model\plane.h" />
    <ClInclude Include="..\src\physics.h" />
    <ClInclude Include="..\src\scene\main_scene.h" />
    <ClInclude Include="..\src\scene\scene.h" />
    <ClInclude Include="..\src\scene\scene_camera.h" />
    <ClInclude Include="..\src\scene\scene_group.h" />
    <ClInclude Include="..\src\scene\scene_node.h" />
    <ClInclude Include="..\src\setup.h" />
    <ClInclude Include="..\src\shaders\basic_shader.h" />
    <ClInclude Include="..\src\shaders\shader.h" />
    <ClInclude Include="..\src\shaders\shader_manager.h" />
    <ClInclude Include="..\src\shaders\shadow_shader.h" />
    <ClInclude Include="..\src\shaders\skybox_shader.h" />
    <ClInclude Include="..\src\shadows.h" />
    <ClInclude Include="..\src\tile.h" />
    <ClInclude Include="..\src\util\colors.h" />
    <ClInclude Include="..\src\util\config.h" />
    <ClInclude Include="..\src\util\util.h" />
    <ClInclude Include="..\src\window.h" />
    <ClInclude Include="..\src\aldente.h">
      <Filter>Headers</Filter>
    </ClInclude>
    <ClInclude Include="..\src\asset_loader.h" />
    <ClInclude Include="..\src\events\event.h" />
    <ClInclude Include="..\src\events\input.h" />
    <ClInclude Include="..\src\game_object.h" />
    <ClInclude Include="..\src\grid.h" />
    <ClInclude Include="..\src\input\process.h" />
    <ClInclude Include="..\src\keyboard.h" />
    <ClInclude Include="..\src\model\geometry.h" />
    <ClInclude Include="..\src\model\geometry_generator.h" />
    <ClInclude Include="..\src\model\material.h" />
    <ClInclude Include="..\src\model\mesh.h" />
    <ClInclude Include="..\src\model\model.h" />
    <ClInclude Include="..\src\model\plane.h" />
    <ClInclude Include="..\src\physics.h" />
    <ClInclude Include="..\src\scene\main_scene.h" />
    <ClInclude Include="..\src\scene\scene.h" />
    <ClInclude Include="..\src\scene\scene_camera.h" />
    <ClInclude Include="..\src\scene\scene_group.h" />
    <ClInclude Include="..\src\scene\scene_node.h" />
    <ClInclude Include="..\src\setup.h" />
    <ClInclude Include="..\src\shaders\basic_shader.h" />
    <ClInclude Include="..\src\shaders\shader.h" />
    <ClInclude Include="..\src\shaders\shader_manager.h" />
    <ClInclude Include="..\src\shaders\shadow_shader.h" />
    <ClInclude Include="..\src\shaders\skybox_shader.h" />
    <ClInclude Include="..\src\shadows.h" />
    <ClInclude Include="..\src\tile.h" />
    <ClInclude Include="..\src\util\colors.h" />
    <ClInclude Include="..\src\util\config.h" />
    <ClInclude Include="..\src\util\util.h" />
    <ClInclude Include="..\src\window.h" />
    <ClInclude Include="..\src\aldente.h">
      <Filter>Headers</Filter>
    </ClInclude>
    <ClInclude Include="..\src\asset_loader.h" />
    <ClInclude Include="..\src\events\event.h" />
    <ClInclude Include="..\src\events\input.h" />
    <ClInclude Include="..\src\game_object.h" />
    <ClInclude Include="..\src\grid.h" />
    <ClInclude Include="..\src\input\process.h" />
    <ClInclude Include="..\src\keyboard.h" />
    <ClInclude Include="..\src\model\geometry.h" />
    <ClInclude Include="..\src\model\geometry_generator.h" />
    <ClInclude Include="..\src\model\material.h" />
    <ClInclude Include="..\src\model\mesh.h" />
    <ClInclude Include="..\src\model\model.h" />
    <ClInclude Include="..\src\model\plane.h" />
    <ClInclude Include="..\src\physics.h" />
    <ClInclude Include="..\src\scene\main_scene.h" />
    <ClInclude Include="..\src\scene\scene.h" />
    <ClInclude Include="..\src\scene\scene_camera.h" />
    <ClInclude Include="..\src\scene\scene_group.h" />
    <ClInclude Include="..\src\scene\scene_node.h" />
    <ClInclude Include="..\src\setup.h" />
    <ClInclude Include="..\src\shaders\basic_shader.h" />
    <ClInclude Include="..\src\shaders\shader.h" />
    <ClInclude Include="..\src\shaders\shader_manager.h" />
    <ClInclude Include="..\src\shaders\shadow_shader.h" />
    <ClInclude Include="..\src\shaders\skybox_shader.h" />
    <ClInclude Include="..\src\shadows.h" />
    <ClInclude Include="..\src\tile.h" />
    <ClInclude Include="..\src\util\colors.h" />
    <ClInclude Include="..\src\util\config.h" />
    <ClInclude Include="..\src\util\util.h" />
    <ClInclude Include="..\src\window.h" />
    <ClInclude Include="..\src\aldente.h">
      <Filter>Headers</Filter>
    </ClInclude>
    <ClInclude Include="..\src\asset_loader.h" />
    <ClInclude Include="..\src\events\event.h" />
    <ClInclude Include="..\src\events\input.h" />
    <ClInclude Include="..\src\game_object.h" />
    <ClInclude Include="..\src\grid.h" />
    <ClInclude Include="..\src\input\process.h" />
    <ClInclude Include="..\src\keyboard.h" />
    <ClInclude Include="..\src\model\geometry.h" />
    <ClInclude Include="..\src\model\geometry_generator.h" />
    <ClInclude Include="..\src\model\material.h" />
    <ClInclude Include="..\src\model\mesh.h" />
    <ClInclude Include="..\src\model\model.h" />
    <ClInclude Include="..\src\model\plane.h" />
    <ClInclude Include="..\src\physics.h" />
    <ClInclude Include="..\src\scene\main_scene.h" />
    <ClInclude Include="..\src\scene\scene.h" />
    <ClInclude Include="..\src\scene\scene_camera.h" />
    <ClInclude Include="..\src\scene\scene_group.h" />
    <ClInclude Include="..\src\scene\scene_node.h" />
    <ClInclude Include="..\src\setup.h" />
    <ClInclude Include="..\src\shaders\basic_shader.h" />
    <ClInclude Include="..\src\shaders\shader.h" />
    <ClInclude Include="..\src\shaders\shader_manager.h" />
    <ClInclude Include="..\src\shaders\shadow_shader.h" />
    <ClInclude Include="..\src\shaders\skybox_shader.h" />
    <ClInclude Include="..\src\shadows.h" />
    <ClInclude Include="..\src\tile.h" />
    <ClInclude Include="..\src\util\colors.h" />
    <ClInclude Include="..\src\util\config.h" />
    <ClInclude Include="..\src\util\util.h" />
    <ClInclude Include="..\src\window.h" />
    <ClInclude Include="..\src\aldente.h">
      <Filter>Headers</Filter>
    </ClInclude>
    <ClInclude Include="..\src\asset_loader.h" />
    <ClInclude Include="..\src\events\event.h" />
    <ClInclude Include="..\src\events\input.h" />
    <ClInclude Include="..\src\game_object.h" />
    <ClInclude Include="..\src\grid.h" />
    <ClInclude Include="..\src\input\process.h" />
    <ClInclude Include="..\src\keyboard.h" />
    <ClInclude Include="..\src\model\geometry.h" />
    <ClInclude Include="..\src\model\geometry_generator.h" />
    <ClInclude Include="..\src\model\material.h" />
    <ClInclude Include="..\src\model\mesh.h" />
    <ClInclude Include="..\src\model\model.h" />
    <ClInclude Include="..\src\model\plane.h" />
    <ClInclude Include="..\src\physics.h" />
    <ClInclude Include="..\src\scene\main_scene.h" />
    <ClInclude Include="..\src\scene\scene.h" />
    <ClInclude Include="..\src\scene\scene_camera.h" />
    <ClInclude Include="..\src\scene\scene_group.h" />
    <ClInclude Include="..\src\scene\scene_node.h" />
    <ClInclude Include="..\src\setup.h" />
    <ClInclude Include="..\src\shaders\basic_shader.h" />
    <ClInclude Include="..\src\shaders\shader.h" />
    <ClInclude Include="..\src\shaders\shader_manager.h" />
    <ClInclude Include="..\src\shaders\shadow_shader.h" />
    <ClInclude Include="..\src\shaders\skybox_shader.h" />
    <ClInclude Include="..\src\shadows.h" />
    <ClInclude Include="..\src\tile.h" />
    <ClInclude Include="..\src\util\colors.h" />
    <ClInclude Include="..\src\util\config.h" />
    <ClInclude Include="..\src\util\util.h" />
    <ClInclude Include="..\src\window.h" />
    <ClInclude Include="..\src\aldente.h">
      <Filter>Headers</Filter>
    </ClInclude>
    <ClInclude Include="..\src\asset_loader.h" />
    <ClInclude Include="..\src\events\event.h" />
    <ClInclude Include="..\src\events\input.h" />
    <ClInclude Include="..\src\game_object.h" />
    <ClInclude Include="..\src\grid.h" />
    <ClInclude Include="..\src\input\process.h" />
    <ClInclude Include="..\src\keyboard.h" />
    <ClInclude Include="..\src\model\geometry.h" />
    <ClInclude Include="..\src\model\geometry_generator.h" />
    <ClInclude Include="..\src\model\material.h" />
    <ClInclude Include="..\src\model\mesh.h" />
    <ClInclude Include="..\src\model\model.h" />
    <ClInclude Include="..\src\model\plane.h" />
    <ClInclude Include="..\src\physics.h" />
    <ClInclude Include="..\src\scene\main_scene.h" />
    <ClInclude Include="..\src\scene\scene.h" />
    <ClInclude Include="..\src\scene\scene_camera.h" />
    <ClInclude Include="..\src\scene\scene_group.h" />
    <ClInclude Include="..\src\scene\scene_node.h" />
    <ClInclude Include="..\src\setup.h" />
    <ClInclude Include="..\src\shaders\basic_shader.h" />
    <ClInclude Include="..\src\shaders\shader.h" />
    <ClInclude Include="..\src\shaders\shader_manager.h" />
    <ClInclude Include="..\src\shaders\shadow_shader.h" />
    <ClInclude Include="..\src\shaders\skybox_shader.h" />
    <ClInclude Include="..\src\shadows.h" />
    <ClInclude Include="..\src\tile.h" />
    <ClInclude Include="..\src\util\colors.h" />
    <ClInclude Include="..\src\util\config.h" />
    <ClInclude Include="..\src\util\util.h" />
    <ClInclude Include="..\src\window.h" />
    <ClInclude Include="..\src\aldente.h">
      <Filter>Headers</Filter>
    </ClInclude>
    <ClInclude Include="..\src\asset_loader.h" />
    <ClInclude Include="..\src\events\event.h" />
    <ClInclude Include="..\src\events\input.h" />
    <ClInclude Include="..\src\game_object.h" />
    <ClInclude Include="..\src\grid.h" />
    <ClInclude Include="..\src\input\process.h" />
    <ClInclude Include="..\src\keyboard.h" />
    <ClInclude Include="..\src\model\geometry.h" />
    <ClInclude Include="..\src\model\geometry_generator.h" />
    <ClInclude Include="..\src\model\material.h" />
    <ClInclude Include="..\src\model\mesh.h" />
    <ClInclude Include="..\src\model\model.h" />
    <ClInclude Include="..\src\model\plane.h" />
    <ClInclude Include="..\src\physics.h" />
    <ClInclude Include="..\src\scene\main_scene.h" />
    <ClInclude Include="..\src\scene\scene.h" />
    <ClInclude Include="..\src\scene\scene_camera.h" />
    <ClInclude Include="..\src\scene\scene_group.h" />
    <ClInclude Include="..\src\scene\scene_node.h" />
    <ClInclude Include="..\src\setup.h" />
    <ClInclude Include="..\src\shaders\basic_shader.h" />
    <ClInclude Include="..\src\shaders\shader.h" />
    <ClInclude Include="..\src\shaders\shader_manager.h" />
    <ClInclude Include="..\src\shaders\shadow_shader.h" />
    <ClInclude Include="..\src\shaders\skybox_shader.h" />
    <ClInclude Include="..\src\shadows.h" />
    <ClInclude Include="..\src\tile.h" />
    <ClInclude Include="..\src\util\colors.h" />
    <ClInclude Include="..\src\util\config.h" />
    <ClInclude Include="..\src\util\util.h" />
    <ClInclude Include="..\src\window.h" />
    <ClInclude Include="..\src\aldente.h">
      <Filter>Headers</Filter>
    </ClInclude>
    <ClInclude Include="..\src\asset_loader.h" />
    <ClInclude Include="..\src\events\event.h" />
    <ClInclude Include="..\src\events\input.h" />
    <ClInclude Include="..\src\game_object.h" />
    <ClInclude Include="..\src\grid.h" />
    <ClInclude Include="..\src\input\process.h" />
    <ClInclude Include="..\src\keyboard.h" />
    <ClInclude Include="..\src\model\geometry.h" />
    <ClInclude Include="..\src\model\geometry_generator.h" />
    <ClInclude Include="..\src\model\material.h" />
    <ClInclude Include="..\src\model\mesh.h" />
    <ClInclude Include="..\src\model\model.h" />
    <ClInclude Include="..\src\model\plane.h" />
    <ClInclude Include="..\src\physics.h" />
    <ClInclude Include="..\src\scene\main_scene.h" />
    <ClInclude Include="..\src\scene\scene.h" />
    <ClInclude Include="..\src\scene\scene_camera.h" />
    <ClInclude Include="..\src\scene\scene_group.h" />
    <ClInclude Include="..\src\scene\scene_node.h" />
    <ClInclude Include="..\src\setup.h" />
    <ClInclude Include="..\src\shaders\basic_shader.h" />
    <ClInclude Include="..\src\shaders\shader.h" />
    <ClInclude Include="..\src\shaders\shader_manager.h" />
    <ClInclude Include="..\src\shaders\shadow_shader.h" />
    <ClInclude Include="..\src\shaders\skybox_shader.h" />
    <ClInclude Include="..\src\shadows.h" />
    <ClInclude Include="..\src\tile.h" />
    <ClInclude Include="..\src\util\colors.h" />
    <ClInclude Include="..\src\util\config.h" />
    <ClInclude Include="..\src\util\util.h" />
    <ClInclude Include="..\src\window.h" />
    <ClInclude Include="..\src\aldente.h">
      <Filter>Headers</Filter>
    </ClInclude>
    <ClInclude Include="..\src\asset_loader.h" />
    <ClInclude Include="..\src\events\event.h" />
    <ClInclude Include="..\src\events\input.h" />
    <ClInclude Include="..\src\game_object.h" />
    <ClInclude Include="..\src\grid.h" />
    <ClInclude Include="..\src\input\process.h" />
    <ClInclude Include="..\src\keyboard.h" />
    <ClInclude Include="..\src\model\geometry.h" />
    <ClInclude Include="..\src\model\geometry_generator.h" />
    <ClInclude Include="..\src\model\material.h" />
    <ClInclude Include="..\src\model\mesh.h" />
    <ClInclude Include="..\src\model\model.h" />
    <ClInclude Include="..\src\model\plane.h" />
    <ClInclude Include="..\src\physics.h" />
    <ClInclude Include="..\src\scene\main_scene.h" />
    <ClInclude Include="..\src\scene\scene.h" />
    <ClInclude Include="..\src\scene\scene_camera.h" />
    <ClInclude Include="..\src\scene\scene_group.h" />
    <ClInclude Include="..\src\scene\scene_node.h" />
    <ClInclude Include="..\src\setup.h" />
    <ClInclude Include="..\src\shaders\basic_shader.h" />
    <ClInclude Include="..\src\shaders\shader.h" />
    <ClInclude Include="..\src\shaders\shader_manager.h" />
    <ClInclude Include="..\src\shaders\shadow_shader.h" />
    <ClInclude Include="..\src\shaders\skybox_shader.h" />
    <ClInclude Include="..\src\shadows.h" />
    <ClInclude Include="..\src\tile.h" />
    <ClInclude Include="..\src\util\colors.h" />
    <ClInclude Include="..\src\util\config.h" />
    <ClInclude Include="..\src\util\util.h" />
    <ClInclude Include="..\src\window.h" />
    <ClInclude Include="..\src\aldente.h">
      <Filter>Headers</Filter>
    </ClInclude>
    <ClInclude Include="..\src\asset_loader.h" />
    <ClInclude Include="..\src\events\event.h" />
    <ClInclude Include="..\src\events\input.h" />
    <ClInclude Include="..\src\game_object.h" />
    <ClInclude Include="..\src\grid.h" />
    <ClInclude Include="..\src\input\process.h" />
    <ClInclude Include="..\src\keyboard.h" />
    <ClInclude Include="..\src\model\geometry.h" />
    <ClInclude Include="..\src\model\geometry_generator.h" />
    <ClInclude Include="..\src\model\material.h" />
    <ClInclude Include="..\src\model\mesh.h" />
    <ClInclude Include="..\src\model\model.h" />
    <ClInclude Include="..\src\model\plane.h" />
    <ClInclude Include="..\src\physics.h" />
    <ClInclude Include="..\src\scene\main_scene.h" />
    <ClInclude Include="..\src\scene\scene.h" />
    <ClInclude Include="..\src\scene\scene_camera.h" />
    <ClInclude Include="..\src\scene\scene_group.h" />
    <ClInclude Include="..\src\scene\scene_node.h" />
    <ClInclude Include="..\src\setup.h" />
    <ClInclude Include="..\src\shaders\basic_shader.h" />
    <ClInclude Include="..\src\shaders\shader.h" />
    <ClInclude Include="..\src\shaders\shader_manager.h" />
    <ClInclude Include="..\src\shaders\shadow_shader.h" />
    <ClInclude Include="..\src\shaders\skybox_shader.h" />
    <ClInclude Include="..\src\shadows.h" />
    <ClInclude Include="..\src\tile.h" />
    <ClInclude Include="..\src\util\colors.h" />
    <ClInclude Include="..\src\util\config.h" />
    <ClInclude Include="..\src\util\util.h" />
    <ClInclude Include="..\src\window.h" />
    <ClInclude Include="..\src\aldente.h">
      <Filter>Headers</Filter>
    </ClInclude>
    <ClInclude Include="..\src\asset_loader.h" />
    <ClInclude Include="..\src\events\event.h" />
    <ClInclude Include="..\src\events\input.h" />
    <ClInclude Include="..\src\game_object.h" />
    <ClInclude Include="..\src\grid.h" />
    <ClInclude Include="..\src\input\process.h" />
    <ClInclude Include="..\src\keyboard.h" />
    <ClInclude Include="..\src\model\geometry.h" />
    <ClInclude Include="..\src\model\geometry_generator.h" />
    <ClInclude Include="..\src\model\material.h" />
    <ClInclude Include="..\src\model\mesh.h" />
    <ClInclude Include="..\src\model\model.h" />
    <ClInclude Include="..\src\model\plane.h" />
    <ClInclude Include="..\src\physics.h" />
    <ClInclude Include="..\src\scene\main_scene.h" />
    <ClInclude Include="..\src\scene\scene.h" />
    <ClInclude Include="..\src\scene\scene_camera.h" />
    <ClInclude Include="..\src\scene\scene_group.h" />
    <ClInclude Include="..\src\scene\scene_node.h" />
    <ClInclude Include="..\src\setup.h" />
    <ClInclude Include="..\src\shaders\basic_shader.h" />
    <ClInclude Include="..\src\shaders\shader.h" />
    <ClInclude Include="..\src\shaders\shader_manager.h" />
    <ClInclude Include="..\src\shaders\shadow_shader.h" />
    <ClInclude Include="..\src\shaders\skybox_shader.h" />
    <ClInclude Include="..\src\shadows.h" />
    <ClInclude Include="..\src\tile.h" />
    <ClInclude Include="..\src\util\colors.h" />
    <ClInclude Include="..\src\util\config.h" />
    <ClInclude Include="..\src\util\util.h" />
    <ClInclude Include="..\src\window.h" />
    <ClInclude Include="..\src\aldente.h">
      <Filter>Headers</Filter>
    </ClInclude>
    <ClInclude Include="..\src\asset_loader.h" />
    <ClInclude Include="..\src\events\event.h" />
    <ClInclude Include="..\src\events\input.h" />
    <ClInclude Include="..\src\game_object.h" />
    <ClInclude Include="..\src\grid.h" />
    <ClInclude Include="..\src\input\process.h" />
    <ClInclude Include="..\src\keyboard.h" />
    <ClInclude Include="..\src\model\geometry.h" />
    <ClInclude Include="..\src\model\geometry_generator.h" />
    <ClInclude Include="..\src\model\material.h" />
    <ClInclude Include="..\src\model\mesh.h" />
    <ClInclude Include="..\src\model\model.h" />
    <ClInclude Include="..\src\model\plane.h" />
    <ClInclude Include="..\src\physics.h" />
    <ClInclude Include="..\src\scene\main_scene.h" />
    <ClInclude Include="..\src\scene\scene.h" />
    <ClInclude Include="..\src\scene\scene_camera.h" />
    <ClInclude Include="..\src\scene\scene_group.h" />
    <ClInclude Include="..\src\scene\scene_node.h" />
    <ClInclude Include="..\src\setup.h" />
    <ClInclude Include="..\src\shaders\basic_shader.h" />
    <ClInclude Include="..\src\shaders\shader.h" />
    <ClInclude Include="..\src\shaders\shader_manager.h" />
    <ClInclude Include="..\src\shaders\shadow_shader.h" />
    <ClInclude Include="..\src\shaders\skybox_shader.h" />
    <ClInclude Include="..\src\shadows.h" />
    <ClInclude Include="..\src\tile.h" />
    <ClInclude Include="..\src\util\colors.h" />
    <ClInclude Include="..\src\util\config.h" />
    <ClInclude Include="..\src\util\util.h" />
    <ClInclude Include="..\src\window.h" />
    <ClInclude Include="..\src\aldente.h">
      <Filter>Headers</Filter>
    </ClInclude>
    <ClInclude Include="..\src\asset_loader.h" />
    <ClInclude Include="..\src\events\event.h" />
    <ClInclude Include="..\src\events\input.h" />
    <ClInclude Include="..\src\game_object.h" />
    <ClInclude Include="..\src\grid.h" />
    <ClInclude Include="..\src\input\process.h" />
    <ClInclude Include="..\src\keyboard.h" />
    <ClInclude Include="..\src\model\geometry.h" />
    <ClInclude Include="..\src\model\geometry_generator.h" />
    <ClInclude Include="..\src\model\material.h" />
    <ClInclude Include="..\src\model\mesh.h" />
    <ClInclude Include="..\src\model\model.h" />
    <ClInclude Include="..\src\model\plane.h" />
    <ClInclude Include="..\src\physics.h" />
    <ClInclude Include="..\src\scene\main_scene.h" />
    <ClInclude Include="..\src\scene\scene.h" />
    <ClInclude Include="..\src\scene\scene_camera.h" />
    <ClInclude Include="..\src\scene\scene_group.h" />
    <ClInclude Include="..\src\scene\scene_node.h" />
    <ClInclude Include="..\src\setup.h" />
    <ClInclude Include="..\src\shaders\basic_shader.h" />
    <ClInclude Include="..\src\shaders\shader.h" />
    <ClInclude Include="..\src\shaders\shader_manager.h" />
    <ClInclude Include="..\src\shaders\shadow_shader.h" />
    <ClInclude Include="..\src\shaders\skybox_shader.h" />
    <ClInclude Include="..\src\shadows.h" />
    <ClInclude Include="..\src\tile.h" />
    <ClInclude Include="..\src\util\colors.h" />
    <ClInclude Include="..\src\util\config.h" />
    <ClInclude Include="..\src\util\util.h" />
    <ClInclude Include="..\src\window.h" />
    <ClInclude Include="..\src\aldente.h">
      <Filter>Headers</Filter>
    </ClInclude>
    <ClInclude Include="..\src\asset_loader.h" />
    <ClInclude Include="..\src\events\event.h" />
    <ClInclude Include="..\src\events\input.h" />
    <ClInclude Include="..\src\game_object.h" />
    <ClInclude Include="..\src\grid.h" />
    <ClInclude Include="..\src\input\process.h" />
    <ClInclude Include="..\src\keyboard.h" />
    <ClInclude Include="..\src\model\geometry.h" />
    <ClInclude Include="..\src\model\geometry_generator.h" />
    <ClInclude Include="..\src\model\material.h" />
    <ClInclude Include="..\src\model\mesh.h" />
    <ClInclude Include="..\src\model\model.h" />
    <ClInclude Include="..\src\model\plane.h" />
    <ClInclude Include="..\src\physics.h" />
    <ClInclude Include="..\src\scene\main_scene.h" />
    <ClInclude Include="..\src\scene\scene.h" />
    <ClInclude Include="..\src\scene\scene_camera.h" />
    <ClInclude Include="..\src\scene\scene_group.h" />
    <ClInclude Include="..\src\scene\scene_node.h" />
    <ClInclude Include="..\src\setup.h" />
    <ClInclude Include="..\src\shaders\basic_shader.h" />
    <ClInclude Include="..\src\shaders\shader.h" />
    <ClInclude Include="..\src\shaders\shader_manager.h" />
    <ClInclude Include="..\src\shaders\shadow_shader.h" />
    <ClInclude Include="..\src\shaders\skybox_shader.h" />
    <ClInclude Include="..\src\shadows.h" />
    <ClInclude Include="..\src\tile.h" />
    <ClInclude Include="..\src\util\colors.h" />
    <ClInclude Include="..\src\util\config.h" />
    <ClInclude Include="..\src\util\util.h" />
    <ClInclude Include="..\src\window.h" />
    <ClInclude Include="..\src\aldente.h">
      <Filter>Headers</Filter>
    </ClInclude>
    <ClInclude Include="..\src\asset_loader.h" />
    <ClInclude Include="..\src\events\event.h" />
    <ClInclude Include="..\src\events\input.h" />
    <ClInclude Include="..\src\game_object.h" />
    <ClInclude Include="..\src\grid.h" />
    <ClInclude Include="..\src\input\process.h" />
    <ClInclude Include="..\src\keyboard.h" />
    <ClInclude Include="..\src\model\geometry.h" />
    <ClInclude Include="..\src\model\geometry_generator.h" />
    <ClInclude Include="..\src\model\material.h" />
    <ClInclude Include="..\src\model\mesh.h" />
    <ClInclude Include="..\src\model\model.h" />
    <ClInclude Include="..\src\model\plane.h" />
    <ClInclude Include="..\src\physics.h" />
    <ClInclude Include="..\src\scene\main_scene.h" />
    <ClInclude Include="..\src\scene\scene.h" />
    <ClInclude Include="..\src\scene\scene_camera.h" />
    <ClInclude Include="..\src\scene\scene_group.h" />
    <ClInclude Include="..\src\scene\scene_node.h" />
    <ClInclude Include="..\src\setup.h" />
    <ClInclude Include="..\src\shaders\basic_shader.h" />
    <ClInclude Include="..\src\shaders\shader.h" />
    <ClInclude Include="..\src\shaders\shader_manager.h" />
    <ClInclude Include="..\src\shaders\shadow_shader.h" />
    <ClInclude Include="..\src\shaders\skybox_shader.h" />
    <ClInclude Include="..\src\shadows.h" />
    <ClInclude Include="..\src\tile.h" />
    <ClInclude Include="..\src\util\colors.h" />
    <ClInclude Include="..\src\util\config.h" />
    <ClInclude Include="..\src\util\util.h" />
    <ClInclude Include="..\src\window.h" />
    <ClInclude Include="..\src\aldente.h">
      <Filter>Headers</Filter>
    </ClInclude>
    <ClInclude Include="..\src\asset_loader.h" />
    <ClInclude Include="..\src\events\event.h" />
    <ClInclude Include="..\src\events\input.h" />
    <ClInclude Include="..\src\game_object.h" />
    <ClInclude Include="..\src\grid.h" />
    <ClInclude Include="..\src\input\process.h" />
    <ClInclude Include="..\src\keyboard.h" />
    <ClInclude Include="..\src\model\geometry.h" />
    <ClInclude Include="..\src\model\geometry_generator.h" />
    <ClInclude Include="..\src\model\material.h" />
    <ClInclude Include="..\src\model\mesh.h" />
    <ClInclude Include="..\src\model\model.h" />
    <ClInclude Include="..\src\model\plane.h" />
    <ClInclude Include="..\src\physics.h" />
    <ClInclude Include="..\src\scene\main_scene.h" />
    <ClInclude Include="..\src\scene\scene.h" />
    <ClInclude Include="..\src\scene\scene_camera.h" />
    <ClInclude Include="..\src\scene\scene_group.h" />
    <ClInclude Include="..\src\scene\scene_node.h" />
    <ClInclude Include="..\src\setup.h" />
    <ClInclude Include="..\src\shaders\basic_shader.h" />
    <ClInclude Include="..\src\shaders\shader.h" />
    <ClInclude Include="..\src\shaders\shader_manager.h" />
    <ClInclude Include="..\src\shaders\shadow_shader.h" />
    <ClInclude Include="..\src\shaders\skybox_shader.h" />
    <ClInclude Include="..\src\shadows.h" />
    <ClInclude Include="..\src\tile.h" />
    <ClInclude Include="..\src\util\colors.h" />
    <ClInclude Include="..\src\util\config.h" />
    <ClInclude Include="..\src\util\util.h" />
    <ClInclude Include="..\src\window.h" />
    <ClInclude Include="..\src\aldente.h">
      <Filter>Headers</Filter>
    </ClInclude>
    <ClInclude Include="..\src\asset_loader.h" />
    <ClInclude Include="..\src\events\event.h" />
    <ClInclude Include="..\src\events\input.h" />
    <ClInclude Include="..\src\game_object.h" />
    <ClInclude Include="..\src\grid.h" />
    <ClInclude Include="..\src\input\process.h" />
    <ClInclude Include="..\src\keyboard.h" />
    <ClInclude Include="..\src\model\geometry.h" />
    <ClInclude Include="..\src\model\geometry_generator.h" />
    <ClInclude Include="..\src\model\material.h" />
    <ClInclude Include="..\src\model\mesh.h" />
    <ClInclude Include="..\src\model\model.h" />
    <ClInclude Include="..\src\model\plane.h" />
    <ClInclude Include="..\src\physics.h" />
    <ClInclude Include="..\src\scene\main_scene.h" />
    <ClInclude Include="..\src\scene\scene.h" />
    <ClInclude Include="..\src\scene\scene_camera.h" />
    <ClInclude Include="..\src\scene\scene_group.h" />
    <ClInclude Include="..\src\scene\scene_node.h" />
    <ClInclude Include="..\src\setup.h" />
    <ClInclude Include="..\src\shaders\basic_shader.h" />
    <ClInclude Include="..\src\shaders\shader.h" />
    <ClInclude Include="..\src\shaders\shader_manager.h" />
    <ClInclude Include="..\src\shaders\shadow_shader.h" />
    <ClInclude Include="..\src\shaders\skybox_shader.h" />
    <ClInclude Include="..\src\shadows.h" />
    <ClInclude Include="..\src\tile.h" />
    <ClInclude Include="..\src\util\colors.h" />
    <ClInclude Include="..\src\util\config.h" />
    <ClInclude Include="..\src\util\util.h" />
    <ClInclude Include="..\src\window.h" />
    <ClInclude Include="..\src\aldente.h">
      <Filter>Headers</Filter>
    </ClInclude>
    <ClInclude Include="..\src\asset_loader.h" />
    <ClInclude Include="..\src\events\event.h" />
    <ClInclude Include="..\src\events\input.h" />
    <ClInclude Include="..\src\game_object.h" />
    <ClInclude Include="..\src\grid.h" />
    <ClInclude Include="..\src\input\process.h" />
    <ClInclude Include="..\src\keyboard.h" />
    <ClInclude Include="..\src\model\geometry.h" />
    <ClInclude Include="..\src\model\geometry_generator.h" />
    <ClInclude Include="..\src\model\material.h" />
    <ClInclude Include="..\src\model\mesh.h" />
    <ClInclude Include="..\src\model\model.h" />
    <ClInclude Include="..\src\model\plane.h" />
    <ClInclude Include="..\src\physics.h" />
    <ClInclude Include="..\src\scene\main_scene.h" />
    <ClInclude Include="..\src\scene\scene.h" />
    <ClInclude Include="..\src\scene\scene_camera.h" />
    <ClInclude Include="..\src\scene\scene_group.h" />
    <ClInclude Include="..\src\scene\scene_node.h" />
    <ClInclude Include="..\src\setup.h" />
    <ClInclude Include="..\src\shaders\basic_shader.h" />
    <ClInclude Include="..\src\shaders\shader.h" />
    <ClInclude Include="..\src\shaders\shader_manager.h" />
    <ClInclude Include="..\src\shaders\shadow_shader.h" />
    <ClInclude Include="..\src\shaders\skybox_shader.h" />
    <ClInclude Include="..\src\shadows.h" />
    <ClInclude Include="..\src\tile.h" />
    <ClInclude Include="..\src\util\colors.h" />
    <ClInclude Include="..\src\util\config.h" />
    <ClInclude Include="..\src\util\util.h" />
    <ClInclude Include="..\src\window.h" />
    <ClInclude Include="..\src\aldente.h">
      <Filter>Headers</Filter>
    </ClInclude>
    <ClInclude Include="..\src\asset_loader.h" />
    <ClInclude Include="..\src\events\event.h" />
    <ClInclude Include="..\src\events\input.h" />
    <ClInclude Include="..\src\game_object.h" />
    <ClInclude Include="..\src\grid.h" />
    <ClInclude Include="..\src\input\process.h" />
    <ClInclude Include="..\src\keyboard.h" />
    <ClInclude Include="..\src\model\geometry.h" />
    <ClInclude Include="..\src\model\geometry_generator.h" />
    <ClInclude Include="..\src\model\material.h" />
    <ClInclude Include="..\src\model\mesh.h" />
    <ClInclude Include="..\src\model\model.h" />
    <ClInclude Include="..\src\model\plane.h" />
    <ClInclude Include="..\src\physics.h" />
    <ClInclude Include="..\src\scene\main_scene.h" />
    <ClInclude Include="..\src\scene\scene.h" />
    <ClInclude Include="..\src\scene\scene_camera.h" />
    <ClInclude Include="..\src\scene\scene_group.h" />
    <ClInclude Include="..\src\scene\scene_node.h" />
    <ClInclude Include="..\src\setup.h" />
    <ClInclude Include="..\src\shaders\basic_shader.h" />
    <ClInclude Include="..\src\shaders\shader.h" />
    <ClInclude Include="..\src\shaders\shader_manager.h" />
    <ClInclude Include="..\src\shaders\shadow_shader.h" />
    <ClInclude Include="..\src\shaders\skybox_shader.h" />
    <ClInclude Include="..\src\shadows.h" />
    <ClInclude Include="..\src\tile.h" />
    <ClInclude Include="..\src\util\colors.h" />
    <ClInclude Include="..\src\util\config.h" />
    <ClInclude Include="..\src\util\util.h" />
    <ClInclude Include="..\src\window.h" />
    <ClInclude Include="..\src\aldente.h">
      <Filter>Headers</Filter>
    </ClInclude>
    <ClInclude Include="..\src\asset_loader.h" />
    <ClInclude Include="..\src\events\event.h" />
    <ClInclude Include="..\src\events\input.h" />
    <ClInclude Include="..\src\game_object.h" />
    <ClInclude Include="..\src\grid.h" />
    <ClInclude Include="..\src\input\process.h" />
    <ClInclude Include="..\src\keyboard.h" />
    <ClInclude Include="..\src\model\geometry.h" />
    <ClInclude Include="..\src\model\geometry_generator.h" />
    <ClInclude Include="..\src\model\material.h" />
    <ClInclude Include="..\src\model\mesh.h" />
    <ClInclude Include="..\src\model\model.h" />
    <ClInclude Include="..\src\model\plane.h" />
    <ClInclude Include="..\src\physics.h" />
    <ClInclude Include="..\src\scene\main_scene.h" />
    <ClInclude Include="..\src\scene\scene.h" />
    <ClInclude Include="..\src\scene\scene_camera.h" />
    <ClInclude Include="..\src\scene\scene_group.h" />
    <ClInclude Include="..\src\scene\scene_node.h" />
    <ClInclude Include="..\src\setup.h" />
    <ClInclude Include="..\src\shaders\basic_shader.h" />
    <ClInclude Include="..\src\shaders\shader.h" />
    <ClInclude Include="..\src\shaders\shader_manager.h" />
    <ClInclude Include="..\src\shaders\shadow_shader.h" />
    <ClInclude Include="..\src\shaders\skybox_shader.h" />
    <ClInclude Include="..\src\shadows.h" />
    <ClInclude Include="..\src\tile.h" />
    <ClInclude Include="..\src\util\colors.h" />
    <ClInclude Include="..\src\util\config.h" />
    <ClInclude Include="..\src\util\util.h" />
    <ClInclude Include="..\src\window.h" />
    <ClInclude Include="..\src\aldente.h">
      <Filter>Headers</Filter>
    </ClInclude>
    <ClInclude Include="..\src\asset_loader.h" />
    <ClInclude Include="..\src\events\event.h" />
    <ClInclude Include="..\src\events\input.h" />
    <ClInclude Include="..\src\game_object.h" />
    <ClInclude Include="..\src\grid.h" />
    <ClInclude Include="..\src\input\process.h" />
    <ClInclude Include="..\src\keyboard.h" />
    <ClInclude Include="..\src\model\geometry.h" />
    <ClInclude Include="..\src\model\geometry_generator.h" />
    <ClInclude Include="..\src\model\material.h" />
    <ClInclude Include="..\src\model\mesh.h" />
    <ClInclude Include="..\src\model\model.h" />
    <ClInclude Include="..\src\model\plane.h" />
    <ClInclude Include="..\src\physics.h" />
    <ClInclude Include="..\src\scene\main_scene.h" />
    <ClInclude Include="..\src\scene\scene.h" />
    <ClInclude Include="..\src\scene\scene_camera.h" />
    <ClInclude Include="..\src\scene\scene_group.h" />
    <ClInclude Include="..\src\scene\scene_node.h" />
    <ClInclude Include="..\src\setup.h" />
    <ClInclude Include="..\src\shaders\basic_shader.h" />
    <ClInclude Include="..\src\shaders\shader.h" />
    <ClInclude Include="..\src\shaders\shader_manager.h" />
    <ClInclude Include="..\src\shaders\shadow_shader.h" />
    <ClInclude Include="..\src\shaders\skybox_shader.h" />
    <ClInclude Include="..\src\shadows.h" />
    <ClInclude Include="..\src\tile.h" />
    <ClInclude Include="..\src\util\colors.h" />
    <ClInclude Include="..\src\util\config.h" />
    <ClInclude Include="..\src\util\util.h" />
    <ClInclude Include="..\src\window.h" />
    <ClInclude Include="..\src\debug_input.h">
      <Filter>Headers</Filter>
    </ClInclude>
  </ItemGroup>
</Project>