<?xml version="1.0" encoding="UTF-8"?>
<Project ToolsVersion="14.0" xmlns="http://schemas.microsoft.com/developer/msbuild/2003">
  <ItemGroup>
    <ClCompile Include="C:\Users\Kavin\Desktop\bullet3-2.86.1\bullet3-2.86.1\test\gtest-1.7.0\src\gtest-all.cc">
      <Filter>Source Files</Filter>
    </ClCompile>
  </ItemGroup>
  <ItemGroup>
    <ClInclude Include="C:\Users\Kavin\Desktop\bullet3-2.86.1\bullet3-2.86.1\test\gtest-1.7.0\include\gtest\gtest-death-test.h">
      <Filter>Header Files</Filter>
    </ClInclude>
    <ClInclude Include="C:\Users\Kavin\Desktop\bullet3-2.86.1\bullet3-2.86.1\test\gtest-1.7.0\include\gtest\gtest-message.h">
      <Filter>Header Files</Filter>
    </ClInclude>
    <ClInclude Include="C:\Users\Kavin\Desktop\bullet3-2.86.1\bullet3-2.86.1\test\gtest-1.7.0\include\gtest\gtest-param-test.h">
      <Filter>Header Files</Filter>
    </ClInclude>
    <ClInclude Include="C:\Users\Kavin\Desktop\bullet3-2.86.1\bullet3-2.86.1\test\gtest-1.7.0\include\gtest\gtest-printers.h">
      <Filter>Header Files</Filter>
    </ClInclude>
    <ClInclude Include="C:\Users\Kavin\Desktop\bullet3-2.86.1\bullet3-2.86.1\test\gtest-1.7.0\include\gtest\gtest-spi.h">
      <Filter>Header Files</Filter>
    </ClInclude>
    <ClInclude Include="C:\Users\Kavin\Desktop\bullet3-2.86.1\bullet3-2.86.1\test\gtest-1.7.0\include\gtest\gtest-test-part.h">
      <Filter>Header Files</Filter>
    </ClInclude>
    <ClInclude Include="C:\Users\Kavin\Desktop\bullet3-2.86.1\bullet3-2.86.1\test\gtest-1.7.0\include\gtest\gtest-typed-test.h">
      <Filter>Header Files</Filter>
    </ClInclude>
    <ClInclude Include="C:\Users\Kavin\Desktop\bullet3-2.86.1\bullet3-2.86.1\test\gtest-1.7.0\include\gtest\gtest.h">
      <Filter>Header Files</Filter>
    </ClInclude>
    <ClInclude Include="C:\Users\Kavin\Desktop\bullet3-2.86.1\bullet3-2.86.1\test\gtest-1.7.0\include\gtest\gtest_pred_impl.h">
      <Filter>Header Files</Filter>
    </ClInclude>
    <ClInclude Include="C:\Users\Kavin\Desktop\bullet3-2.86.1\bullet3-2.86.1\test\gtest-1.7.0\include\gtest\gtest_prod.h">
      <Filter>Header Files</Filter>
    </ClInclude>
    <ClInclude Include="C:\Users\Kavin\Desktop\bullet3-2.86.1\bullet3-2.86.1\test\gtest-1.7.0\include\gtest\internal\gtest-death-test-internal.h">
      <Filter>Header Files</Filter>
    </ClInclude>
    <ClInclude Include="C:\Users\Kavin\Desktop\bullet3-2.86.1\bullet3-2.86.1\test\gtest-1.7.0\include\gtest\internal\gtest-filepath.h">
      <Filter>Header Files</Filter>
    </ClInclude>
    <ClInclude Include="C:\Users\Kavin\Desktop\bullet3-2.86.1\bullet3-2.86.1\test\gtest-1.7.0\include\gtest\internal\gtest-internal.h">
      <Filter>Header Files</Filter>
    </ClInclude>
    <ClInclude Include="C:\Users\Kavin\Desktop\bullet3-2.86.1\bullet3-2.86.1\test\gtest-1.7.0\include\gtest\internal\gtest-linked_ptr.h">
      <Filter>Header Files</Filter>
    </ClInclude>
    <ClInclude Include="C:\Users\Kavin\Desktop\bullet3-2.86.1\bullet3-2.86.1\test\gtest-1.7.0\include\gtest\internal\gtest-param-util-generated.h">
      <Filter>Header Files</Filter>
    </ClInclude>
    <ClInclude Include="C:\Users\Kavin\Desktop\bullet3-2.86.1\bullet3-2.86.1\test\gtest-1.7.0\include\gtest\internal\gtest-param-util.h">
      <Filter>Header Files</Filter>
    </ClInclude>
    <ClInclude Include="C:\Users\Kavin\Desktop\bullet3-2.86.1\bullet3-2.86.1\test\gtest-1.7.0\include\gtest\internal\gtest-port.h">
      <Filter>Header Files</Filter>
    </ClInclude>
    <ClInclude Include="C:\Users\Kavin\Desktop\bullet3-2.86.1\bullet3-2.86.1\test\gtest-1.7.0\include\gtest\internal\gtest-string.h">
      <Filter>Header Files</Filter>
    </ClInclude>
    <ClInclude Include="C:\Users\Kavin\Desktop\bullet3-2.86.1\bullet3-2.86.1\test\gtest-1.7.0\include\gtest\internal\gtest-tuple.h">
      <Filter>Header Files</Filter>
    </ClInclude>
    <ClInclude Include="C:\Users\Kavin\Desktop\bullet3-2.86.1\bullet3-2.86.1\test\gtest-1.7.0\include\gtest\internal\gtest-type-util.h">
      <Filter>Header Files</Filter>
    </ClInclude>
    <ClInclude Include="C:\Users\Kavin\Desktop\bullet3-2.86.1\bullet3-2.86.1\test\gtest-1.7.0\src\gtest-internal-inl.h">
      <Filter>Header Files</Filter>
    </ClInclude>
  </ItemGroup>
  <ItemGroup>
    <CustomBuild Include="C:\Users\Kavin\Desktop\bullet3-2.86.1\bullet3-2.86.1\test\gtest-1.7.0\CMakeLists.txt" />
  </ItemGroup>
  <ItemGroup>
    <Filter Include="Source Files">
      <UniqueIdentifier>{AE1B031B-0F0C-3592-9182-671209405F4A}</UniqueIdentifier>
    </Filter>
    <Filter Include="Header Files">
      <UniqueIdentifier>{7B3B7368-2820-3E51-923C-87E8A7AA01A0}</UniqueIdentifier>
    </Filter>
  </ItemGroup>
</Project>
